// !$*UTF8*$!
{
	archiveVersion = 1;
	classes = {
	};
	objectVersion = 55;
	objects = {

/* Begin PBXBuildFile section */
		10FD157C26BC135900586365 /* AppDelegate.swift in Sources */ = {isa = PBXBuildFile; fileRef = 10FD157B26BC135900586365 /* AppDelegate.swift */; };
		10FD157E26BC135900586365 /* SceneDelegate.swift in Sources */ = {isa = PBXBuildFile; fileRef = 10FD157D26BC135900586365 /* SceneDelegate.swift */; };
		10FD158126BC135900586365 /* LaunchScreen.storyboard in Resources */ = {isa = PBXBuildFile; fileRef = 10FD157F26BC135900586365 /* LaunchScreen.storyboard */; };
		10FD158426BC135900586365 /* Main.storyboard in Resources */ = {isa = PBXBuildFile; fileRef = 10FD158226BC135900586365 /* Main.storyboard */; };
		10FD158D26BC135900586365 /* AppDelegate.swift in Sources */ = {isa = PBXBuildFile; fileRef = 10FD158C26BC135900586365 /* AppDelegate.swift */; };
		10FD159026BC135900586365 /* Main.storyboard in Resources */ = {isa = PBXBuildFile; fileRef = 10FD158E26BC135900586365 /* Main.storyboard */; };
		10FD159826BC135900586365 /* DuckDuckGo Privacy Essentials for Safari Extension.appex in Embed App Extensions */ = {isa = PBXBuildFile; fileRef = 10FD159726BC135900586365 /* DuckDuckGo Privacy Essentials for Safari Extension.appex */; settings = {ATTRIBUTES = (RemoveHeadersOnCopy, ); }; };
		10FD15A226BC135900586365 /* DuckDuckGo Privacy Essentials for Safari Extension.appex in Embed App Extensions */ = {isa = PBXBuildFile; fileRef = 10FD15A126BC135900586365 /* DuckDuckGo Privacy Essentials for Safari Extension.appex */; settings = {ATTRIBUTES = (RemoveHeadersOnCopy, ); }; };
		10FD15A726BC135900586365 /* Main.html in Resources */ = {isa = PBXBuildFile; fileRef = 10FD156B26BC135800586365 /* Main.html */; };
		10FD15A826BC135900586365 /* Main.html in Resources */ = {isa = PBXBuildFile; fileRef = 10FD156B26BC135800586365 /* Main.html */; };
		10FD15A926BC135900586365 /* Icon.png in Resources */ = {isa = PBXBuildFile; fileRef = 10FD156D26BC135800586365 /* Icon.png */; };
		10FD15AA26BC135900586365 /* Icon.png in Resources */ = {isa = PBXBuildFile; fileRef = 10FD156D26BC135800586365 /* Icon.png */; };
		10FD15AB26BC135900586365 /* Style.css in Resources */ = {isa = PBXBuildFile; fileRef = 10FD156E26BC135800586365 /* Style.css */; };
		10FD15AC26BC135900586365 /* Style.css in Resources */ = {isa = PBXBuildFile; fileRef = 10FD156E26BC135800586365 /* Style.css */; };
		10FD15AD26BC135900586365 /* Script.js in Resources */ = {isa = PBXBuildFile; fileRef = 10FD156F26BC135800586365 /* Script.js */; };
		10FD15AE26BC135900586365 /* Script.js in Resources */ = {isa = PBXBuildFile; fileRef = 10FD156F26BC135800586365 /* Script.js */; };
		10FD15AF26BC135900586365 /* ViewController.swift in Sources */ = {isa = PBXBuildFile; fileRef = 10FD157026BC135800586365 /* ViewController.swift */; };
		10FD15B026BC135900586365 /* ViewController.swift in Sources */ = {isa = PBXBuildFile; fileRef = 10FD157026BC135800586365 /* ViewController.swift */; };
		10FD15B126BC135900586365 /* Assets.xcassets in Resources */ = {isa = PBXBuildFile; fileRef = 10FD157126BC135900586365 /* Assets.xcassets */; };
		10FD15B226BC135900586365 /* Assets.xcassets in Resources */ = {isa = PBXBuildFile; fileRef = 10FD157126BC135900586365 /* Assets.xcassets */; };
		10FD15B326BC135900586365 /* SafariWebExtensionHandler.swift in Sources */ = {isa = PBXBuildFile; fileRef = 10FD157326BC135900586365 /* SafariWebExtensionHandler.swift */; };
		10FD15B426BC135900586365 /* SafariWebExtensionHandler.swift in Sources */ = {isa = PBXBuildFile; fileRef = 10FD157326BC135900586365 /* SafariWebExtensionHandler.swift */; };
		10FD15CD26BC135A00586365 /* web_accessible_resources in Resources */ = {isa = PBXBuildFile; fileRef = 10FD15C626BC135A00586365 /* web_accessible_resources */; };
		10FD15CE26BC135A00586365 /* test in Resources */ = {isa = PBXBuildFile; fileRef = 10FD15C726BC135A00586365 /* test */; };
		10FD15CF26BC135A00586365 /* html in Resources */ = {isa = PBXBuildFile; fileRef = 10FD15C826BC135A00586365 /* html */; };
		10FD15D026BC135A00586365 /* img in Resources */ = {isa = PBXBuildFile; fileRef = 10FD15C926BC135A00586365 /* img */; };
		10FD15D126BC135A00586365 /* public in Resources */ = {isa = PBXBuildFile; fileRef = 10FD15CA26BC135A00586365 /* public */; };
		10FD15D226BC135A00586365 /* manifest.json in Resources */ = {isa = PBXBuildFile; fileRef = 10FD15CB26BC135A00586365 /* manifest.json */; };
		10FD15D326BC135A00586365 /* data in Resources */ = {isa = PBXBuildFile; fileRef = 10FD15CC26BC135A00586365 /* data */; };
		10FD15D426BC135A00586365 /* web_accessible_resources in Resources */ = {isa = PBXBuildFile; fileRef = 10FD15C626BC135A00586365 /* web_accessible_resources */; };
		10FD15D526BC135A00586365 /* test in Resources */ = {isa = PBXBuildFile; fileRef = 10FD15C726BC135A00586365 /* test */; };
		10FD15D626BC135A00586365 /* html in Resources */ = {isa = PBXBuildFile; fileRef = 10FD15C826BC135A00586365 /* html */; };
		10FD15D726BC135A00586365 /* img in Resources */ = {isa = PBXBuildFile; fileRef = 10FD15C926BC135A00586365 /* img */; };
		10FD15D826BC135A00586365 /* public in Resources */ = {isa = PBXBuildFile; fileRef = 10FD15CA26BC135A00586365 /* public */; };
		10FD15D926BC135A00586365 /* manifest.json in Resources */ = {isa = PBXBuildFile; fileRef = 10FD15CB26BC135A00586365 /* manifest.json */; };
		10FD15DA26BC135A00586365 /* data in Resources */ = {isa = PBXBuildFile; fileRef = 10FD15CC26BC135A00586365 /* data */; };
/* End PBXBuildFile section */

/* Begin PBXContainerItemProxy section */
		10FD159926BC135900586365 /* PBXContainerItemProxy */ = {
			isa = PBXContainerItemProxy;
			containerPortal = 10FD156526BC135800586365 /* Project object */;
			proxyType = 1;
			remoteGlobalIDString = 10FD159626BC135900586365;
			remoteInfo = "DuckDuckGo Privacy Essentials for Safari Extension (iOS)";
		};
		10FD15A326BC135900586365 /* PBXContainerItemProxy */ = {
			isa = PBXContainerItemProxy;
			containerPortal = 10FD156526BC135800586365 /* Project object */;
			proxyType = 1;
			remoteGlobalIDString = 10FD15A026BC135900586365;
			remoteInfo = "DuckDuckGo Privacy Essentials for Safari Extension (macOS)";
		};
/* End PBXContainerItemProxy section */

/* Begin PBXCopyFilesBuildPhase section */
		10FD15BA26BC135900586365 /* Embed App Extensions */ = {
			isa = PBXCopyFilesBuildPhase;
			buildActionMask = 2147483647;
			dstPath = "";
			dstSubfolderSpec = 13;
			files = (
				10FD159826BC135900586365 /* DuckDuckGo Privacy Essentials for Safari Extension.appex in Embed App Extensions */,
			);
			name = "Embed App Extensions";
			runOnlyForDeploymentPostprocessing = 0;
		};
		10FD15C126BC135900586365 /* Embed App Extensions */ = {
			isa = PBXCopyFilesBuildPhase;
			buildActionMask = 2147483647;
			dstPath = "";
			dstSubfolderSpec = 13;
			files = (
				10FD15A226BC135900586365 /* DuckDuckGo Privacy Essentials for Safari Extension.appex in Embed App Extensions */,
			);
			name = "Embed App Extensions";
			runOnlyForDeploymentPostprocessing = 0;
		};
/* End PBXCopyFilesBuildPhase section */

/* Begin PBXFileReference section */
		1038BB7026BC13B500CAB887 /* DuckDuckGo Privacy Essentials for Safari Extension (macOS).entitlements */ = {isa = PBXFileReference; lastKnownFileType = text.plist.entitlements; path = "DuckDuckGo Privacy Essentials for Safari Extension (macOS).entitlements"; sourceTree = "<group>"; };
		10FD156C26BC135800586365 /* Base */ = {isa = PBXFileReference; lastKnownFileType = text.html; name = Base; path = ../Base.lproj/Main.html; sourceTree = "<group>"; };
		10FD156D26BC135800586365 /* Icon.png */ = {isa = PBXFileReference; lastKnownFileType = image.png; path = Icon.png; sourceTree = "<group>"; };
		10FD156E26BC135800586365 /* Style.css */ = {isa = PBXFileReference; lastKnownFileType = text.css; path = Style.css; sourceTree = "<group>"; };
		10FD156F26BC135800586365 /* Script.js */ = {isa = PBXFileReference; lastKnownFileType = sourcecode.javascript; path = Script.js; sourceTree = "<group>"; };
		10FD157026BC135800586365 /* ViewController.swift */ = {isa = PBXFileReference; lastKnownFileType = sourcecode.swift; path = ViewController.swift; sourceTree = "<group>"; };
		10FD157126BC135900586365 /* Assets.xcassets */ = {isa = PBXFileReference; lastKnownFileType = folder.assetcatalog; path = Assets.xcassets; sourceTree = "<group>"; };
		10FD157326BC135900586365 /* SafariWebExtensionHandler.swift */ = {isa = PBXFileReference; lastKnownFileType = sourcecode.swift; path = SafariWebExtensionHandler.swift; sourceTree = "<group>"; };
		10FD157826BC135900586365 /* DuckDuckGo Privacy Essentials for Safari.app */ = {isa = PBXFileReference; explicitFileType = wrapper.application; includeInIndex = 0; path = "DuckDuckGo Privacy Essentials for Safari.app"; sourceTree = BUILT_PRODUCTS_DIR; };
		10FD157B26BC135900586365 /* AppDelegate.swift */ = {isa = PBXFileReference; lastKnownFileType = sourcecode.swift; path = AppDelegate.swift; sourceTree = "<group>"; };
		10FD157D26BC135900586365 /* SceneDelegate.swift */ = {isa = PBXFileReference; lastKnownFileType = sourcecode.swift; path = SceneDelegate.swift; sourceTree = "<group>"; };
		10FD158026BC135900586365 /* Base */ = {isa = PBXFileReference; lastKnownFileType = file.storyboard; name = Base; path = Base.lproj/LaunchScreen.storyboard; sourceTree = "<group>"; };
		10FD158326BC135900586365 /* Base */ = {isa = PBXFileReference; lastKnownFileType = file.storyboard; name = Base; path = Base.lproj/Main.storyboard; sourceTree = "<group>"; };
		10FD158526BC135900586365 /* Info.plist */ = {isa = PBXFileReference; lastKnownFileType = text.plist.xml; path = Info.plist; sourceTree = "<group>"; };
		10FD158A26BC135900586365 /* DuckDuckGo Privacy Essentials for Safari.app */ = {isa = PBXFileReference; explicitFileType = wrapper.application; includeInIndex = 0; path = "DuckDuckGo Privacy Essentials for Safari.app"; sourceTree = BUILT_PRODUCTS_DIR; };
		10FD158C26BC135900586365 /* AppDelegate.swift */ = {isa = PBXFileReference; lastKnownFileType = sourcecode.swift; path = AppDelegate.swift; sourceTree = "<group>"; };
		10FD158F26BC135900586365 /* Base */ = {isa = PBXFileReference; lastKnownFileType = file.storyboard; name = Base; path = Base.lproj/Main.storyboard; sourceTree = "<group>"; };
		10FD159126BC135900586365 /* Info.plist */ = {isa = PBXFileReference; lastKnownFileType = text.plist.xml; path = Info.plist; sourceTree = "<group>"; };
		10FD159226BC135900586365 /* DuckDuckGo Privacy Essentials for Safari.entitlements */ = {isa = PBXFileReference; lastKnownFileType = text.plist.entitlements; path = "DuckDuckGo Privacy Essentials for Safari.entitlements"; sourceTree = "<group>"; };
		10FD159726BC135900586365 /* DuckDuckGo Privacy Essentials for Safari Extension.appex */ = {isa = PBXFileReference; explicitFileType = "wrapper.app-extension"; includeInIndex = 0; path = "DuckDuckGo Privacy Essentials for Safari Extension.appex"; sourceTree = BUILT_PRODUCTS_DIR; };
		10FD159C26BC135900586365 /* Info.plist */ = {isa = PBXFileReference; lastKnownFileType = text.plist.xml; path = Info.plist; sourceTree = "<group>"; };
		10FD15A126BC135900586365 /* DuckDuckGo Privacy Essentials for Safari Extension.appex */ = {isa = PBXFileReference; explicitFileType = "wrapper.app-extension"; includeInIndex = 0; path = "DuckDuckGo Privacy Essentials for Safari Extension.appex"; sourceTree = BUILT_PRODUCTS_DIR; };
		10FD15A626BC135900586365 /* Info.plist */ = {isa = PBXFileReference; lastKnownFileType = text.plist.xml; path = Info.plist; sourceTree = "<group>"; };
		10FD15C626BC135A00586365 /* web_accessible_resources */ = {isa = PBXFileReference; lastKnownFileType = folder; name = web_accessible_resources; path = ../../../../build/safari14/dev/web_accessible_resources; sourceTree = "<group>"; };
		10FD15C726BC135A00586365 /* test */ = {isa = PBXFileReference; lastKnownFileType = folder; name = test; path = ../../../../build/safari14/dev/test; sourceTree = "<group>"; };
		10FD15C826BC135A00586365 /* html */ = {isa = PBXFileReference; lastKnownFileType = folder; name = html; path = ../../../../build/safari14/dev/html; sourceTree = "<group>"; };
		10FD15C926BC135A00586365 /* img */ = {isa = PBXFileReference; lastKnownFileType = folder; name = img; path = ../../../../build/safari14/dev/img; sourceTree = "<group>"; };
		10FD15CA26BC135A00586365 /* public */ = {isa = PBXFileReference; lastKnownFileType = folder; name = public; path = ../../../../build/safari14/dev/public; sourceTree = "<group>"; };
		10FD15CB26BC135A00586365 /* manifest.json */ = {isa = PBXFileReference; lastKnownFileType = text.json; name = manifest.json; path = ../../../../build/safari14/dev/manifest.json; sourceTree = "<group>"; };
		10FD15CC26BC135A00586365 /* data */ = {isa = PBXFileReference; lastKnownFileType = folder; name = data; path = ../../../../build/safari14/dev/data; sourceTree = "<group>"; };
/* End PBXFileReference section */

/* Begin PBXFrameworksBuildPhase section */
		10FD157526BC135900586365 /* Frameworks */ = {
			isa = PBXFrameworksBuildPhase;
			buildActionMask = 2147483647;
			files = (
			);
			runOnlyForDeploymentPostprocessing = 0;
		};
		10FD158726BC135900586365 /* Frameworks */ = {
			isa = PBXFrameworksBuildPhase;
			buildActionMask = 2147483647;
			files = (
			);
			runOnlyForDeploymentPostprocessing = 0;
		};
		10FD159426BC135900586365 /* Frameworks */ = {
			isa = PBXFrameworksBuildPhase;
			buildActionMask = 2147483647;
			files = (
			);
			runOnlyForDeploymentPostprocessing = 0;
		};
		10FD159E26BC135900586365 /* Frameworks */ = {
			isa = PBXFrameworksBuildPhase;
			buildActionMask = 2147483647;
			files = (
			);
			runOnlyForDeploymentPostprocessing = 0;
		};
/* End PBXFrameworksBuildPhase section */

/* Begin PBXGroup section */
		10FD156426BC135800586365 = {
			isa = PBXGroup;
			children = (
				1038BB7026BC13B500CAB887 /* DuckDuckGo Privacy Essentials for Safari Extension (macOS).entitlements */,
				10FD156926BC135800586365 /* Shared (App) */,
				10FD157226BC135900586365 /* Shared (Extension) */,
				10FD157A26BC135900586365 /* iOS (App) */,
				10FD158B26BC135900586365 /* macOS (App) */,
				10FD159B26BC135900586365 /* iOS (Extension) */,
				10FD15A526BC135900586365 /* macOS (Extension) */,
				10FD157926BC135900586365 /* Products */,
			);
			sourceTree = "<group>";
		};
		10FD156926BC135800586365 /* Shared (App) */ = {
			isa = PBXGroup;
			children = (
				10FD157026BC135800586365 /* ViewController.swift */,
				10FD157126BC135900586365 /* Assets.xcassets */,
				10FD156A26BC135800586365 /* Resources */,
			);
			path = "Shared (App)";
			sourceTree = "<group>";
		};
		10FD156A26BC135800586365 /* Resources */ = {
			isa = PBXGroup;
			children = (
				10FD156B26BC135800586365 /* Main.html */,
				10FD156D26BC135800586365 /* Icon.png */,
				10FD156E26BC135800586365 /* Style.css */,
				10FD156F26BC135800586365 /* Script.js */,
			);
			path = Resources;
			sourceTree = "<group>";
		};
		10FD157226BC135900586365 /* Shared (Extension) */ = {
			isa = PBXGroup;
			children = (
				10FD15C526BC135A00586365 /* Resources */,
				10FD157326BC135900586365 /* SafariWebExtensionHandler.swift */,
			);
			path = "Shared (Extension)";
			sourceTree = "<group>";
		};
		10FD157926BC135900586365 /* Products */ = {
			isa = PBXGroup;
			children = (
				10FD157826BC135900586365 /* DuckDuckGo Privacy Essentials for Safari.app */,
				10FD158A26BC135900586365 /* DuckDuckGo Privacy Essentials for Safari.app */,
				10FD159726BC135900586365 /* DuckDuckGo Privacy Essentials for Safari Extension.appex */,
				10FD15A126BC135900586365 /* DuckDuckGo Privacy Essentials for Safari Extension.appex */,
			);
			name = Products;
			sourceTree = "<group>";
		};
		10FD157A26BC135900586365 /* iOS (App) */ = {
			isa = PBXGroup;
			children = (
				10FD157B26BC135900586365 /* AppDelegate.swift */,
				10FD157D26BC135900586365 /* SceneDelegate.swift */,
				10FD157F26BC135900586365 /* LaunchScreen.storyboard */,
				10FD158226BC135900586365 /* Main.storyboard */,
				10FD158526BC135900586365 /* Info.plist */,
			);
			path = "iOS (App)";
			sourceTree = "<group>";
		};
		10FD158B26BC135900586365 /* macOS (App) */ = {
			isa = PBXGroup;
			children = (
				10FD158C26BC135900586365 /* AppDelegate.swift */,
				10FD158E26BC135900586365 /* Main.storyboard */,
				10FD159126BC135900586365 /* Info.plist */,
				10FD159226BC135900586365 /* DuckDuckGo Privacy Essentials for Safari.entitlements */,
			);
			path = "macOS (App)";
			sourceTree = "<group>";
		};
		10FD159B26BC135900586365 /* iOS (Extension) */ = {
			isa = PBXGroup;
			children = (
				10FD159C26BC135900586365 /* Info.plist */,
			);
			path = "iOS (Extension)";
			sourceTree = "<group>";
		};
		10FD15A526BC135900586365 /* macOS (Extension) */ = {
			isa = PBXGroup;
			children = (
				10FD15A626BC135900586365 /* Info.plist */,
			);
			path = "macOS (Extension)";
			sourceTree = "<group>";
		};
		10FD15C526BC135A00586365 /* Resources */ = {
			isa = PBXGroup;
			children = (
				10FD15C626BC135A00586365 /* web_accessible_resources */,
				10FD15C726BC135A00586365 /* test */,
				10FD15C826BC135A00586365 /* html */,
				10FD15C926BC135A00586365 /* img */,
				10FD15CA26BC135A00586365 /* public */,
				10FD15CB26BC135A00586365 /* manifest.json */,
				10FD15CC26BC135A00586365 /* data */,
			);
			name = Resources;
			path = "Shared (Extension)";
			sourceTree = SOURCE_ROOT;
		};
/* End PBXGroup section */

/* Begin PBXNativeTarget section */
		10FD157726BC135900586365 /* DuckDuckGo Privacy Essentials for Safari (iOS) */ = {
			isa = PBXNativeTarget;
			buildConfigurationList = 10FD15BB26BC135900586365 /* Build configuration list for PBXNativeTarget "DuckDuckGo Privacy Essentials for Safari (iOS)" */;
			buildPhases = (
				10FD157426BC135900586365 /* Sources */,
				10FD157526BC135900586365 /* Frameworks */,
				10FD157626BC135900586365 /* Resources */,
				10FD15BA26BC135900586365 /* Embed App Extensions */,
			);
			buildRules = (
			);
			dependencies = (
				10FD159A26BC135900586365 /* PBXTargetDependency */,
			);
			name = "DuckDuckGo Privacy Essentials for Safari (iOS)";
			productName = "DuckDuckGo Privacy Essentials for Safari (iOS)";
			productReference = 10FD157826BC135900586365 /* DuckDuckGo Privacy Essentials for Safari.app */;
			productType = "com.apple.product-type.application";
		};
		10FD158926BC135900586365 /* DuckDuckGo Privacy Essentials for Safari (macOS) */ = {
			isa = PBXNativeTarget;
			buildConfigurationList = 10FD15C226BC135900586365 /* Build configuration list for PBXNativeTarget "DuckDuckGo Privacy Essentials for Safari (macOS)" */;
			buildPhases = (
				10FD158626BC135900586365 /* Sources */,
				10FD158726BC135900586365 /* Frameworks */,
				10FD158826BC135900586365 /* Resources */,
				10FD15C126BC135900586365 /* Embed App Extensions */,
			);
			buildRules = (
			);
			dependencies = (
				10FD15A426BC135900586365 /* PBXTargetDependency */,
			);
			name = "DuckDuckGo Privacy Essentials for Safari (macOS)";
			productName = "DuckDuckGo Privacy Essentials for Safari (macOS)";
			productReference = 10FD158A26BC135900586365 /* DuckDuckGo Privacy Essentials for Safari.app */;
			productType = "com.apple.product-type.application";
		};
		10FD159626BC135900586365 /* DuckDuckGo Privacy Essentials for Safari Extension (iOS) */ = {
			isa = PBXNativeTarget;
			buildConfigurationList = 10FD15B726BC135900586365 /* Build configuration list for PBXNativeTarget "DuckDuckGo Privacy Essentials for Safari Extension (iOS)" */;
			buildPhases = (
				10FD159326BC135900586365 /* Sources */,
				10FD159426BC135900586365 /* Frameworks */,
				10FD159526BC135900586365 /* Resources */,
			);
			buildRules = (
			);
			dependencies = (
			);
			name = "DuckDuckGo Privacy Essentials for Safari Extension (iOS)";
			productName = "DuckDuckGo Privacy Essentials for Safari Extension (iOS)";
			productReference = 10FD159726BC135900586365 /* DuckDuckGo Privacy Essentials for Safari Extension.appex */;
			productType = "com.apple.product-type.app-extension";
		};
		10FD15A026BC135900586365 /* DuckDuckGo Privacy Essentials for Safari Extension (macOS) */ = {
			isa = PBXNativeTarget;
			buildConfigurationList = 10FD15BE26BC135900586365 /* Build configuration list for PBXNativeTarget "DuckDuckGo Privacy Essentials for Safari Extension (macOS)" */;
			buildPhases = (
				10FD159D26BC135900586365 /* Sources */,
				10FD159E26BC135900586365 /* Frameworks */,
				10FD159F26BC135900586365 /* Resources */,
			);
			buildRules = (
			);
			dependencies = (
			);
			name = "DuckDuckGo Privacy Essentials for Safari Extension (macOS)";
			productName = "DuckDuckGo Privacy Essentials for Safari Extension (macOS)";
			productReference = 10FD15A126BC135900586365 /* DuckDuckGo Privacy Essentials for Safari Extension.appex */;
			productType = "com.apple.product-type.app-extension";
		};
/* End PBXNativeTarget section */

/* Begin PBXProject section */
		10FD156526BC135800586365 /* Project object */ = {
			isa = PBXProject;
			attributes = {
				BuildIndependentTargetsInParallel = 1;
				LastSwiftUpdateCheck = 1300;
				LastUpgradeCheck = 1300;
				TargetAttributes = {
					10FD157726BC135900586365 = {
						CreatedOnToolsVersion = 13.0;
					};
					10FD158926BC135900586365 = {
						CreatedOnToolsVersion = 13.0;
					};
					10FD159626BC135900586365 = {
						CreatedOnToolsVersion = 13.0;
					};
					10FD15A026BC135900586365 = {
						CreatedOnToolsVersion = 13.0;
					};
				};
			};
			buildConfigurationList = 10FD156826BC135800586365 /* Build configuration list for PBXProject "DuckDuckGo Privacy Essentials for Safari" */;
			compatibilityVersion = "Xcode 13.0";
			developmentRegion = en;
			hasScannedForEncodings = 0;
			knownRegions = (
				en,
				Base,
			);
			mainGroup = 10FD156426BC135800586365;
			productRefGroup = 10FD157926BC135900586365 /* Products */;
			projectDirPath = "";
			projectRoot = "";
			targets = (
				10FD157726BC135900586365 /* DuckDuckGo Privacy Essentials for Safari (iOS) */,
				10FD158926BC135900586365 /* DuckDuckGo Privacy Essentials for Safari (macOS) */,
				10FD159626BC135900586365 /* DuckDuckGo Privacy Essentials for Safari Extension (iOS) */,
				10FD15A026BC135900586365 /* DuckDuckGo Privacy Essentials for Safari Extension (macOS) */,
			);
		};
/* End PBXProject section */

/* Begin PBXResourcesBuildPhase section */
		10FD157626BC135900586365 /* Resources */ = {
			isa = PBXResourcesBuildPhase;
			buildActionMask = 2147483647;
			files = (
				10FD15A926BC135900586365 /* Icon.png in Resources */,
				10FD158126BC135900586365 /* LaunchScreen.storyboard in Resources */,
				10FD15A726BC135900586365 /* Main.html in Resources */,
				10FD15AD26BC135900586365 /* Script.js in Resources */,
				10FD15B126BC135900586365 /* Assets.xcassets in Resources */,
				10FD158426BC135900586365 /* Main.storyboard in Resources */,
				10FD15AB26BC135900586365 /* Style.css in Resources */,
			);
			runOnlyForDeploymentPostprocessing = 0;
		};
		10FD158826BC135900586365 /* Resources */ = {
			isa = PBXResourcesBuildPhase;
			buildActionMask = 2147483647;
			files = (
				10FD15AA26BC135900586365 /* Icon.png in Resources */,
				10FD15AC26BC135900586365 /* Style.css in Resources */,
				10FD159026BC135900586365 /* Main.storyboard in Resources */,
				10FD15AE26BC135900586365 /* Script.js in Resources */,
				10FD15B226BC135900586365 /* Assets.xcassets in Resources */,
				10FD15A826BC135900586365 /* Main.html in Resources */,
			);
			runOnlyForDeploymentPostprocessing = 0;
		};
		10FD159526BC135900586365 /* Resources */ = {
			isa = PBXResourcesBuildPhase;
			buildActionMask = 2147483647;
			files = (
				10FD15D826BC135A00586365 /* public in Resources */,
				10FD15DA26BC135A00586365 /* data in Resources */,
				10FD15D726BC135A00586365 /* img in Resources */,
				10FD15D526BC135A00586365 /* test in Resources */,
				10FD15D626BC135A00586365 /* html in Resources */,
				10FD15D926BC135A00586365 /* manifest.json in Resources */,
				10FD15D426BC135A00586365 /* web_accessible_resources in Resources */,
			);
			runOnlyForDeploymentPostprocessing = 0;
		};
		10FD159F26BC135900586365 /* Resources */ = {
			isa = PBXResourcesBuildPhase;
			buildActionMask = 2147483647;
			files = (
				10FD15D126BC135A00586365 /* public in Resources */,
				10FD15D326BC135A00586365 /* data in Resources */,
				10FD15D026BC135A00586365 /* img in Resources */,
				10FD15CE26BC135A00586365 /* test in Resources */,
				10FD15CF26BC135A00586365 /* html in Resources */,
				10FD15D226BC135A00586365 /* manifest.json in Resources */,
				10FD15CD26BC135A00586365 /* web_accessible_resources in Resources */,
			);
			runOnlyForDeploymentPostprocessing = 0;
		};
/* End PBXResourcesBuildPhase section */

/* Begin PBXSourcesBuildPhase section */
		10FD157426BC135900586365 /* Sources */ = {
			isa = PBXSourcesBuildPhase;
			buildActionMask = 2147483647;
			files = (
				10FD15AF26BC135900586365 /* ViewController.swift in Sources */,
				10FD157C26BC135900586365 /* AppDelegate.swift in Sources */,
				10FD157E26BC135900586365 /* SceneDelegate.swift in Sources */,
			);
			runOnlyForDeploymentPostprocessing = 0;
		};
		10FD158626BC135900586365 /* Sources */ = {
			isa = PBXSourcesBuildPhase;
			buildActionMask = 2147483647;
			files = (
				10FD15B026BC135900586365 /* ViewController.swift in Sources */,
				10FD158D26BC135900586365 /* AppDelegate.swift in Sources */,
			);
			runOnlyForDeploymentPostprocessing = 0;
		};
		10FD159326BC135900586365 /* Sources */ = {
			isa = PBXSourcesBuildPhase;
			buildActionMask = 2147483647;
			files = (
				10FD15B326BC135900586365 /* SafariWebExtensionHandler.swift in Sources */,
			);
			runOnlyForDeploymentPostprocessing = 0;
		};
		10FD159D26BC135900586365 /* Sources */ = {
			isa = PBXSourcesBuildPhase;
			buildActionMask = 2147483647;
			files = (
				10FD15B426BC135900586365 /* SafariWebExtensionHandler.swift in Sources */,
			);
			runOnlyForDeploymentPostprocessing = 0;
		};
/* End PBXSourcesBuildPhase section */

/* Begin PBXTargetDependency section */
		10FD159A26BC135900586365 /* PBXTargetDependency */ = {
			isa = PBXTargetDependency;
			target = 10FD159626BC135900586365 /* DuckDuckGo Privacy Essentials for Safari Extension (iOS) */;
			targetProxy = 10FD159926BC135900586365 /* PBXContainerItemProxy */;
		};
		10FD15A426BC135900586365 /* PBXTargetDependency */ = {
			isa = PBXTargetDependency;
			target = 10FD15A026BC135900586365 /* DuckDuckGo Privacy Essentials for Safari Extension (macOS) */;
			targetProxy = 10FD15A326BC135900586365 /* PBXContainerItemProxy */;
		};
/* End PBXTargetDependency section */

/* Begin PBXVariantGroup section */
		10FD156B26BC135800586365 /* Main.html */ = {
			isa = PBXVariantGroup;
			children = (
				10FD156C26BC135800586365 /* Base */,
			);
			name = Main.html;
			sourceTree = "<group>";
		};
		10FD157F26BC135900586365 /* LaunchScreen.storyboard */ = {
			isa = PBXVariantGroup;
			children = (
				10FD158026BC135900586365 /* Base */,
			);
			name = LaunchScreen.storyboard;
			sourceTree = "<group>";
		};
		10FD158226BC135900586365 /* Main.storyboard */ = {
			isa = PBXVariantGroup;
			children = (
				10FD158326BC135900586365 /* Base */,
			);
			name = Main.storyboard;
			sourceTree = "<group>";
		};
		10FD158E26BC135900586365 /* Main.storyboard */ = {
			isa = PBXVariantGroup;
			children = (
				10FD158F26BC135900586365 /* Base */,
			);
			name = Main.storyboard;
			sourceTree = "<group>";
		};
/* End PBXVariantGroup section */

/* Begin XCBuildConfiguration section */
		10FD15B526BC135900586365 /* Debug */ = {
			isa = XCBuildConfiguration;
			buildSettings = {
				ALWAYS_SEARCH_USER_PATHS = NO;
				CLANG_ANALYZER_NONNULL = YES;
				CLANG_ANALYZER_NUMBER_OBJECT_CONVERSION = YES_AGGRESSIVE;
				CLANG_CXX_LANGUAGE_STANDARD = "gnu++17";
				CLANG_CXX_LIBRARY = "libc++";
				CLANG_ENABLE_MODULES = YES;
				CLANG_ENABLE_OBJC_ARC = YES;
				CLANG_ENABLE_OBJC_WEAK = YES;
				CLANG_WARN_BLOCK_CAPTURE_AUTORELEASING = YES;
				CLANG_WARN_BOOL_CONVERSION = YES;
				CLANG_WARN_COMMA = YES;
				CLANG_WARN_CONSTANT_CONVERSION = YES;
				CLANG_WARN_DEPRECATED_OBJC_IMPLEMENTATIONS = YES;
				CLANG_WARN_DIRECT_OBJC_ISA_USAGE = YES_ERROR;
				CLANG_WARN_DOCUMENTATION_COMMENTS = YES;
				CLANG_WARN_EMPTY_BODY = YES;
				CLANG_WARN_ENUM_CONVERSION = YES;
				CLANG_WARN_INFINITE_RECURSION = YES;
				CLANG_WARN_INT_CONVERSION = YES;
				CLANG_WARN_NON_LITERAL_NULL_CONVERSION = YES;
				CLANG_WARN_OBJC_IMPLICIT_RETAIN_SELF = YES;
				CLANG_WARN_OBJC_LITERAL_CONVERSION = YES;
				CLANG_WARN_OBJC_ROOT_CLASS = YES_ERROR;
				CLANG_WARN_QUOTED_INCLUDE_IN_FRAMEWORK_HEADER = YES;
				CLANG_WARN_RANGE_LOOP_ANALYSIS = YES;
				CLANG_WARN_STRICT_PROTOTYPES = YES;
				CLANG_WARN_SUSPICIOUS_MOVE = YES;
				CLANG_WARN_UNGUARDED_AVAILABILITY = YES_AGGRESSIVE;
				CLANG_WARN_UNREACHABLE_CODE = YES;
				CLANG_WARN__DUPLICATE_METHOD_MATCH = YES;
				COPY_PHASE_STRIP = NO;
				DEBUG_INFORMATION_FORMAT = dwarf;
				ENABLE_STRICT_OBJC_MSGSEND = YES;
				ENABLE_TESTABILITY = YES;
				GCC_C_LANGUAGE_STANDARD = gnu11;
				GCC_DYNAMIC_NO_PIC = NO;
				GCC_NO_COMMON_BLOCKS = YES;
				GCC_OPTIMIZATION_LEVEL = 0;
				GCC_PREPROCESSOR_DEFINITIONS = (
					"DEBUG=1",
					"$(inherited)",
				);
				GCC_WARN_64_TO_32_BIT_CONVERSION = YES;
				GCC_WARN_ABOUT_RETURN_TYPE = YES_ERROR;
				GCC_WARN_UNDECLARED_SELECTOR = YES;
				GCC_WARN_UNINITIALIZED_AUTOS = YES_AGGRESSIVE;
				GCC_WARN_UNUSED_FUNCTION = YES;
				GCC_WARN_UNUSED_VARIABLE = YES;
				MTL_ENABLE_DEBUG_INFO = INCLUDE_SOURCE;
				MTL_FAST_MATH = YES;
				ONLY_ACTIVE_ARCH = YES;
				SWIFT_ACTIVE_COMPILATION_CONDITIONS = DEBUG;
				SWIFT_OPTIMIZATION_LEVEL = "-Onone";
			};
			name = Debug;
		};
		10FD15B626BC135900586365 /* Release */ = {
			isa = XCBuildConfiguration;
			buildSettings = {
				ALWAYS_SEARCH_USER_PATHS = NO;
				CLANG_ANALYZER_NONNULL = YES;
				CLANG_ANALYZER_NUMBER_OBJECT_CONVERSION = YES_AGGRESSIVE;
				CLANG_CXX_LANGUAGE_STANDARD = "gnu++17";
				CLANG_CXX_LIBRARY = "libc++";
				CLANG_ENABLE_MODULES = YES;
				CLANG_ENABLE_OBJC_ARC = YES;
				CLANG_ENABLE_OBJC_WEAK = YES;
				CLANG_WARN_BLOCK_CAPTURE_AUTORELEASING = YES;
				CLANG_WARN_BOOL_CONVERSION = YES;
				CLANG_WARN_COMMA = YES;
				CLANG_WARN_CONSTANT_CONVERSION = YES;
				CLANG_WARN_DEPRECATED_OBJC_IMPLEMENTATIONS = YES;
				CLANG_WARN_DIRECT_OBJC_ISA_USAGE = YES_ERROR;
				CLANG_WARN_DOCUMENTATION_COMMENTS = YES;
				CLANG_WARN_EMPTY_BODY = YES;
				CLANG_WARN_ENUM_CONVERSION = YES;
				CLANG_WARN_INFINITE_RECURSION = YES;
				CLANG_WARN_INT_CONVERSION = YES;
				CLANG_WARN_NON_LITERAL_NULL_CONVERSION = YES;
				CLANG_WARN_OBJC_IMPLICIT_RETAIN_SELF = YES;
				CLANG_WARN_OBJC_LITERAL_CONVERSION = YES;
				CLANG_WARN_OBJC_ROOT_CLASS = YES_ERROR;
				CLANG_WARN_QUOTED_INCLUDE_IN_FRAMEWORK_HEADER = YES;
				CLANG_WARN_RANGE_LOOP_ANALYSIS = YES;
				CLANG_WARN_STRICT_PROTOTYPES = YES;
				CLANG_WARN_SUSPICIOUS_MOVE = YES;
				CLANG_WARN_UNGUARDED_AVAILABILITY = YES_AGGRESSIVE;
				CLANG_WARN_UNREACHABLE_CODE = YES;
				CLANG_WARN__DUPLICATE_METHOD_MATCH = YES;
				COPY_PHASE_STRIP = NO;
				DEBUG_INFORMATION_FORMAT = "dwarf-with-dsym";
				ENABLE_NS_ASSERTIONS = NO;
				ENABLE_STRICT_OBJC_MSGSEND = YES;
				GCC_C_LANGUAGE_STANDARD = gnu11;
				GCC_NO_COMMON_BLOCKS = YES;
				GCC_WARN_64_TO_32_BIT_CONVERSION = YES;
				GCC_WARN_ABOUT_RETURN_TYPE = YES_ERROR;
				GCC_WARN_UNDECLARED_SELECTOR = YES;
				GCC_WARN_UNINITIALIZED_AUTOS = YES_AGGRESSIVE;
				GCC_WARN_UNUSED_FUNCTION = YES;
				GCC_WARN_UNUSED_VARIABLE = YES;
				MTL_ENABLE_DEBUG_INFO = NO;
				MTL_FAST_MATH = YES;
				SWIFT_COMPILATION_MODE = wholemodule;
				SWIFT_OPTIMIZATION_LEVEL = "-O";
			};
			name = Release;
		};
		10FD15B826BC135900586365 /* Debug */ = {
			isa = XCBuildConfiguration;
			buildSettings = {
				CODE_SIGN_STYLE = Automatic;
				CURRENT_PROJECT_VERSION = 1;
				DEVELOPMENT_TEAM = HKE973VLUW;
				GENERATE_INFOPLIST_FILE = YES;
				INFOPLIST_FILE = "iOS (Extension)/Info.plist";
				INFOPLIST_KEY_CFBundleDisplayName = "DuckDuckGo Privacy Essentials for Safari Extension";
				INFOPLIST_KEY_NSHumanReadableCopyright = "";
				IPHONEOS_DEPLOYMENT_TARGET = 15.0;
				LD_RUNPATH_SEARCH_PATHS = (
					"$(inherited)",
					"@executable_path/Frameworks",
					"@executable_path/../../Frameworks",
				);
				MARKETING_VERSION = 1.0;
				OTHER_LDFLAGS = (
					"-framework",
					SafariServices,
				);
				PRODUCT_BUNDLE_IDENTIFIER = "com.yourCompany.DuckDuckGo-Privacy-Essentials-for-Safari.Extension";
				PRODUCT_NAME = "DuckDuckGo Privacy Essentials for Safari Extension";
				SDKROOT = iphoneos;
				SKIP_INSTALL = YES;
				SWIFT_EMIT_LOC_STRINGS = YES;
				SWIFT_VERSION = 5.0;
				TARGETED_DEVICE_FAMILY = "1,2";
			};
			name = Debug;
		};
		10FD15B926BC135900586365 /* Release */ = {
			isa = XCBuildConfiguration;
			buildSettings = {
				CODE_SIGN_STYLE = Automatic;
				CURRENT_PROJECT_VERSION = 1;
				DEVELOPMENT_TEAM = HKE973VLUW;
				GENERATE_INFOPLIST_FILE = YES;
				INFOPLIST_FILE = "iOS (Extension)/Info.plist";
				INFOPLIST_KEY_CFBundleDisplayName = "DuckDuckGo Privacy Essentials for Safari Extension";
				INFOPLIST_KEY_NSHumanReadableCopyright = "";
				IPHONEOS_DEPLOYMENT_TARGET = 15.0;
				LD_RUNPATH_SEARCH_PATHS = (
					"$(inherited)",
					"@executable_path/Frameworks",
					"@executable_path/../../Frameworks",
				);
				MARKETING_VERSION = 1.0;
				OTHER_LDFLAGS = (
					"-framework",
					SafariServices,
				);
				PRODUCT_BUNDLE_IDENTIFIER = "com.yourCompany.DuckDuckGo-Privacy-Essentials-for-Safari.Extension";
				PRODUCT_NAME = "DuckDuckGo Privacy Essentials for Safari Extension";
				SDKROOT = iphoneos;
				SKIP_INSTALL = YES;
				SWIFT_EMIT_LOC_STRINGS = YES;
				SWIFT_VERSION = 5.0;
				TARGETED_DEVICE_FAMILY = "1,2";
				VALIDATE_PRODUCT = YES;
			};
			name = Release;
		};
		10FD15BC26BC135900586365 /* Debug */ = {
			isa = XCBuildConfiguration;
			buildSettings = {
				ALWAYS_EMBED_SWIFT_STANDARD_LIBRARIES = YES;
				ASSETCATALOG_COMPILER_APPICON_NAME = AppIcon;
				ASSETCATALOG_COMPILER_GLOBAL_ACCENT_COLOR_NAME = AccentColor;
				CODE_SIGN_STYLE = Automatic;
				CURRENT_PROJECT_VERSION = 1;
				DEVELOPMENT_TEAM = HKE973VLUW;
				GENERATE_INFOPLIST_FILE = YES;
				INFOPLIST_FILE = "iOS (App)/Info.plist";
				INFOPLIST_KEY_CFBundleDisplayName = "DuckDuckGo Privacy Essentials for Safari";
				INFOPLIST_KEY_UIApplicationSupportsIndirectInputEvents = YES;
				INFOPLIST_KEY_UILaunchStoryboardName = LaunchScreen;
				INFOPLIST_KEY_UIMainStoryboardFile = Main;
				INFOPLIST_KEY_UISupportedInterfaceOrientations = "UIInterfaceOrientationPortrait UIInterfaceOrientationLandscapeLeft UIInterfaceOrientationLandscapeRight";
				INFOPLIST_KEY_UISupportedInterfaceOrientations_iPad = "UIInterfaceOrientationPortrait UIInterfaceOrientationPortraitUpsideDown UIInterfaceOrientationLandscapeLeft UIInterfaceOrientationLandscapeRight";
				IPHONEOS_DEPLOYMENT_TARGET = 15.0;
				LD_RUNPATH_SEARCH_PATHS = (
					"$(inherited)",
					"@executable_path/Frameworks",
				);
				MARKETING_VERSION = 1.0;
				OTHER_LDFLAGS = (
					"-framework",
					SafariServices,
					"-framework",
					WebKit,
				);
				PRODUCT_BUNDLE_IDENTIFIER = "com.yourCompany.DuckDuckGo-Privacy-Essentials-for-Safari";
				PRODUCT_NAME = "DuckDuckGo Privacy Essentials for Safari";
				SDKROOT = iphoneos;
				SWIFT_EMIT_LOC_STRINGS = YES;
				SWIFT_VERSION = 5.0;
				TARGETED_DEVICE_FAMILY = "1,2";
			};
			name = Debug;
		};
		10FD15BD26BC135900586365 /* Release */ = {
			isa = XCBuildConfiguration;
			buildSettings = {
				ALWAYS_EMBED_SWIFT_STANDARD_LIBRARIES = YES;
				ASSETCATALOG_COMPILER_APPICON_NAME = AppIcon;
				ASSETCATALOG_COMPILER_GLOBAL_ACCENT_COLOR_NAME = AccentColor;
				CODE_SIGN_STYLE = Automatic;
				CURRENT_PROJECT_VERSION = 1;
				DEVELOPMENT_TEAM = HKE973VLUW;
				GENERATE_INFOPLIST_FILE = YES;
				INFOPLIST_FILE = "iOS (App)/Info.plist";
				INFOPLIST_KEY_CFBundleDisplayName = "DuckDuckGo Privacy Essentials for Safari";
				INFOPLIST_KEY_UIApplicationSupportsIndirectInputEvents = YES;
				INFOPLIST_KEY_UILaunchStoryboardName = LaunchScreen;
				INFOPLIST_KEY_UIMainStoryboardFile = Main;
				INFOPLIST_KEY_UISupportedInterfaceOrientations = "UIInterfaceOrientationPortrait UIInterfaceOrientationLandscapeLeft UIInterfaceOrientationLandscapeRight";
				INFOPLIST_KEY_UISupportedInterfaceOrientations_iPad = "UIInterfaceOrientationPortrait UIInterfaceOrientationPortraitUpsideDown UIInterfaceOrientationLandscapeLeft UIInterfaceOrientationLandscapeRight";
				IPHONEOS_DEPLOYMENT_TARGET = 15.0;
				LD_RUNPATH_SEARCH_PATHS = (
					"$(inherited)",
					"@executable_path/Frameworks",
				);
				MARKETING_VERSION = 1.0;
				OTHER_LDFLAGS = (
					"-framework",
					SafariServices,
					"-framework",
					WebKit,
				);
				PRODUCT_BUNDLE_IDENTIFIER = "com.yourCompany.DuckDuckGo-Privacy-Essentials-for-Safari";
				PRODUCT_NAME = "DuckDuckGo Privacy Essentials for Safari";
				SDKROOT = iphoneos;
				SWIFT_EMIT_LOC_STRINGS = YES;
				SWIFT_VERSION = 5.0;
				TARGETED_DEVICE_FAMILY = "1,2";
				VALIDATE_PRODUCT = YES;
			};
			name = Release;
		};
		10FD15BF26BC135900586365 /* Debug */ = {
			isa = XCBuildConfiguration;
			buildSettings = {
				CODE_SIGN_ENTITLEMENTS = "DuckDuckGo Privacy Essentials for Safari Extension (macOS).entitlements";
				CODE_SIGN_STYLE = Automatic;
				CURRENT_PROJECT_VERSION = 1;
				DEVELOPMENT_TEAM = HKE973VLUW;
				ENABLE_APP_SANDBOX = YES;
				ENABLE_HARDENED_RUNTIME = YES;
				ENABLE_USER_SELECTED_FILES = readonly;
				GENERATE_INFOPLIST_FILE = YES;
				INFOPLIST_FILE = "macOS (Extension)/Info.plist";
				INFOPLIST_KEY_CFBundleDisplayName = "DuckDuckGo Privacy Essentials for Safari Extension";
				INFOPLIST_KEY_NSHumanReadableCopyright = "";
				LD_RUNPATH_SEARCH_PATHS = (
					"$(inherited)",
					"@executable_path/../Frameworks",
					"@executable_path/../../../../Frameworks",
				);
				MACOSX_DEPLOYMENT_TARGET = 10.14;
				MARKETING_VERSION = 1.0;
				OTHER_LDFLAGS = (
					"-framework",
					SafariServices,
				);
				PRODUCT_BUNDLE_IDENTIFIER = "com.yourCompany.DuckDuckGo-Privacy-Essentials-for-Safari.Extension";
				PRODUCT_NAME = "DuckDuckGo Privacy Essentials for Safari Extension";
				SDKROOT = macosx;
				SKIP_INSTALL = YES;
				SWIFT_EMIT_LOC_STRINGS = YES;
				SWIFT_VERSION = 5.0;
			};
			name = Debug;
		};
		10FD15C026BC135900586365 /* Release */ = {
			isa = XCBuildConfiguration;
			buildSettings = {
				CODE_SIGN_ENTITLEMENTS = "DuckDuckGo Privacy Essentials for Safari Extension (macOS).entitlements";
				CODE_SIGN_STYLE = Automatic;
				CURRENT_PROJECT_VERSION = 1;
				DEVELOPMENT_TEAM = HKE973VLUW;
				ENABLE_APP_SANDBOX = YES;
				ENABLE_HARDENED_RUNTIME = YES;
				ENABLE_USER_SELECTED_FILES = readonly;
				GENERATE_INFOPLIST_FILE = YES;
				INFOPLIST_FILE = "macOS (Extension)/Info.plist";
				INFOPLIST_KEY_CFBundleDisplayName = "DuckDuckGo Privacy Essentials for Safari Extension";
				INFOPLIST_KEY_NSHumanReadableCopyright = "";
				LD_RUNPATH_SEARCH_PATHS = (
					"$(inherited)",
					"@executable_path/../Frameworks",
					"@executable_path/../../../../Frameworks",
				);
				MACOSX_DEPLOYMENT_TARGET = 10.14;
				MARKETING_VERSION = 1.0;
				OTHER_LDFLAGS = (
					"-framework",
					SafariServices,
				);
				PRODUCT_BUNDLE_IDENTIFIER = "com.yourCompany.DuckDuckGo-Privacy-Essentials-for-Safari.Extension";
				PRODUCT_NAME = "DuckDuckGo Privacy Essentials for Safari Extension";
				SDKROOT = macosx;
				SKIP_INSTALL = YES;
				SWIFT_EMIT_LOC_STRINGS = YES;
				SWIFT_VERSION = 5.0;
			};
			name = Release;
		};
		10FD15C326BC135900586365 /* Debug */ = {
			isa = XCBuildConfiguration;
			buildSettings = {
				ALWAYS_EMBED_SWIFT_STANDARD_LIBRARIES = YES;
				ASSETCATALOG_COMPILER_APPICON_NAME = AppIcon;
				ASSETCATALOG_COMPILER_GLOBAL_ACCENT_COLOR_NAME = AccentColor;
				CODE_SIGN_ENTITLEMENTS = "macOS (App)/DuckDuckGo Privacy Essentials for Safari.entitlements";
				CODE_SIGN_STYLE = Automatic;
				CURRENT_PROJECT_VERSION = 1;
				DEVELOPMENT_TEAM = HKE973VLUW;
				ENABLE_APP_SANDBOX = YES;
				ENABLE_HARDENED_RUNTIME = YES;
				ENABLE_USER_SELECTED_FILES = readonly;
				GENERATE_INFOPLIST_FILE = YES;
				INFOPLIST_FILE = "macOS (App)/Info.plist";
				INFOPLIST_KEY_CFBundleDisplayName = "DuckDuckGo Privacy Essentials for Safari";
				INFOPLIST_KEY_NSMainStoryboardFile = Main;
				INFOPLIST_KEY_NSPrincipalClass = NSApplication;
				LD_RUNPATH_SEARCH_PATHS = (
					"$(inherited)",
					"@executable_path/../Frameworks",
				);
				MACOSX_DEPLOYMENT_TARGET = 10.14;
				MARKETING_VERSION = 1.0;
				OTHER_LDFLAGS = (
					"-framework",
					SafariServices,
					"-framework",
					WebKit,
				);
				PRODUCT_BUNDLE_IDENTIFIER = "com.yourCompany.DuckDuckGo-Privacy-Essentials-for-Safari";
				PRODUCT_NAME = "DuckDuckGo Privacy Essentials for Safari";
				SDKROOT = macosx;
				SWIFT_EMIT_LOC_STRINGS = YES;
				SWIFT_VERSION = 5.0;
			};
			name = Debug;
		};
		10FD15C426BC135900586365 /* Release */ = {
			isa = XCBuildConfiguration;
			buildSettings = {
				ALWAYS_EMBED_SWIFT_STANDARD_LIBRARIES = YES;
				ASSETCATALOG_COMPILER_APPICON_NAME = AppIcon;
				ASSETCATALOG_COMPILER_GLOBAL_ACCENT_COLOR_NAME = AccentColor;
				CODE_SIGN_ENTITLEMENTS = "macOS (App)/DuckDuckGo Privacy Essentials for Safari.entitlements";
				CODE_SIGN_STYLE = Automatic;
				CURRENT_PROJECT_VERSION = 1;
				DEVELOPMENT_TEAM = HKE973VLUW;
				ENABLE_APP_SANDBOX = YES;
				ENABLE_HARDENED_RUNTIME = YES;
				ENABLE_USER_SELECTED_FILES = readonly;
				GENERATE_INFOPLIST_FILE = YES;
				INFOPLIST_FILE = "macOS (App)/Info.plist";
				INFOPLIST_KEY_CFBundleDisplayName = "DuckDuckGo Privacy Essentials for Safari";
				INFOPLIST_KEY_NSMainStoryboardFile = Main;
				INFOPLIST_KEY_NSPrincipalClass = NSApplication;
				LD_RUNPATH_SEARCH_PATHS = (
					"$(inherited)",
					"@executable_path/../Frameworks",
				);
				MACOSX_DEPLOYMENT_TARGET = 10.14;
				MARKETING_VERSION = 1.0;
				OTHER_LDFLAGS = (
					"-framework",
					SafariServices,
					"-framework",
					WebKit,
				);
				PRODUCT_BUNDLE_IDENTIFIER = "com.yourCompany.DuckDuckGo-Privacy-Essentials-for-Safari";
				PRODUCT_NAME = "DuckDuckGo Privacy Essentials for Safari";
				SDKROOT = macosx;
				SWIFT_EMIT_LOC_STRINGS = YES;
				SWIFT_VERSION = 5.0;
			};
			name = Release;
		};
/* End XCBuildConfiguration section */

/* Begin XCConfigurationList section */
		10FD156826BC135800586365 /* Build configuration list for PBXProject "DuckDuckGo Privacy Essentials for Safari" */ = {
			isa = XCConfigurationList;
			buildConfigurations = (
				10FD15B526BC135900586365 /* Debug */,
				10FD15B626BC135900586365 /* Release */,
			);
			defaultConfigurationIsVisible = 0;
			defaultConfigurationName = Release;
		};
		10FD15B726BC135900586365 /* Build configuration list for PBXNativeTarget "DuckDuckGo Privacy Essentials for Safari Extension (iOS)" */ = {
			isa = XCConfigurationList;
			buildConfigurations = (
				10FD15B826BC135900586365 /* Debug */,
				10FD15B926BC135900586365 /* Release */,
			);
			defaultConfigurationIsVisible = 0;
			defaultConfigurationName = Release;
		};
		10FD15BB26BC135900586365 /* Build configuration list for PBXNativeTarget "DuckDuckGo Privacy Essentials for Safari (iOS)" */ = {
			isa = XCConfigurationList;
			buildConfigurations = (
				10FD15BC26BC135900586365 /* Debug */,
				10FD15BD26BC135900586365 /* Release */,
			);
			defaultConfigurationIsVisible = 0;
			defaultConfigurationName = Release;
		};
		10FD15BE26BC135900586365 /* Build configuration list for PBXNativeTarget "DuckDuckGo Privacy Essentials for Safari Extension (macOS)" */ = {
			isa = XCConfigurationList;
			buildConfigurations = (
				10FD15BF26BC135900586365 /* Debug */,
				10FD15C026BC135900586365 /* Release */,
			);
			defaultConfigurationIsVisible = 0;
			defaultConfigurationName = Release;
		};
		10FD15C226BC135900586365 /* Build configuration list for PBXNativeTarget "DuckDuckGo Privacy Essentials for Safari (macOS)" */ = {
			isa = XCConfigurationList;
			buildConfigurations = (
				10FD15C326BC135900586365 /* Debug */,
				10FD15C426BC135900586365 /* Release */,
			);
			defaultConfigurationIsVisible = 0;
			defaultConfigurationName = Release;
		};
/* End XCConfigurationList section */
	};
	rootObject = 10FD156526BC135800586365 /* Project object */;
}
