// !$*UTF8*$!
{
	archiveVersion = 1;
	classes = {
	};
	objectVersion = 56;
	objects = {

/* Begin PBXBuildFile section */
		B39FE44B299258E80041874B /* AppDelegate.swift in Sources */ = {isa = PBXBuildFile; fileRef = B39FE44A299258E80041874B /* AppDelegate.swift */; };
		B39FE44D299258E80041874B /* SceneDelegate.swift in Sources */ = {isa = PBXBuildFile; fileRef = B39FE44C299258E80041874B /* SceneDelegate.swift */; };
		B39FE450299258E80041874B /* LaunchScreen.storyboard in Resources */ = {isa = PBXBuildFile; fileRef = B39FE44E299258E80041874B /* LaunchScreen.storyboard */; };
		B39FE453299258E80041874B /* Main.storyboard in Resources */ = {isa = PBXBuildFile; fileRef = B39FE451299258E80041874B /* Main.storyboard */; };
		B39FE45C299258E80041874B /* AppDelegate.swift in Sources */ = {isa = PBXBuildFile; fileRef = B39FE45B299258E80041874B /* AppDelegate.swift */; };
		B39FE45F299258E80041874B /* Main.storyboard in Resources */ = {isa = PBXBuildFile; fileRef = B39FE45D299258E80041874B /* Main.storyboard */; };
		B39FE466299258E80041874B /* duckduckgo-safari-extension Extension.appex in Embed Foundation Extensions */ = {isa = PBXBuildFile; fileRef = B39FE465299258E80041874B /* duckduckgo-safari-extension Extension.appex */; settings = {ATTRIBUTES = (RemoveHeadersOnCopy, ); }; };
		B39FE470299258E80041874B /* duckduckgo-safari-extension Extension.appex in Embed Foundation Extensions */ = {isa = PBXBuildFile; fileRef = B39FE46F299258E80041874B /* duckduckgo-safari-extension Extension.appex */; settings = {ATTRIBUTES = (RemoveHeadersOnCopy, ); }; };
		B39FE476299258E80041874B /* Main.html in Resources */ = {isa = PBXBuildFile; fileRef = B39FE431299258E70041874B /* Main.html */; };
		B39FE477299258E80041874B /* Main.html in Resources */ = {isa = PBXBuildFile; fileRef = B39FE431299258E70041874B /* Main.html */; };
		B39FE478299258E80041874B /* Icon.png in Resources */ = {isa = PBXBuildFile; fileRef = B39FE433299258E70041874B /* Icon.png */; };
		B39FE479299258E80041874B /* Icon.png in Resources */ = {isa = PBXBuildFile; fileRef = B39FE433299258E70041874B /* Icon.png */; };
		B39FE47A299258E80041874B /* Style.css in Resources */ = {isa = PBXBuildFile; fileRef = B39FE434299258E70041874B /* Style.css */; };
		B39FE47B299258E80041874B /* Style.css in Resources */ = {isa = PBXBuildFile; fileRef = B39FE434299258E70041874B /* Style.css */; };
		B39FE47C299258E80041874B /* Script.js in Resources */ = {isa = PBXBuildFile; fileRef = B39FE435299258E70041874B /* Script.js */; };
		B39FE47D299258E80041874B /* Script.js in Resources */ = {isa = PBXBuildFile; fileRef = B39FE435299258E70041874B /* Script.js */; };
		B39FE47E299258E80041874B /* ViewController.swift in Sources */ = {isa = PBXBuildFile; fileRef = B39FE436299258E70041874B /* ViewController.swift */; };
		B39FE47F299258E80041874B /* ViewController.swift in Sources */ = {isa = PBXBuildFile; fileRef = B39FE436299258E70041874B /* ViewController.swift */; };
		B39FE480299258E80041874B /* Assets.xcassets in Resources */ = {isa = PBXBuildFile; fileRef = B39FE437299258E80041874B /* Assets.xcassets */; };
		B39FE481299258E80041874B /* Assets.xcassets in Resources */ = {isa = PBXBuildFile; fileRef = B39FE437299258E80041874B /* Assets.xcassets */; };
		B39FE482299258E80041874B /* SafariWebExtensionHandler.swift in Sources */ = {isa = PBXBuildFile; fileRef = B39FE439299258E80041874B /* SafariWebExtensionHandler.swift */; };
		B39FE483299258E80041874B /* SafariWebExtensionHandler.swift in Sources */ = {isa = PBXBuildFile; fileRef = B39FE439299258E80041874B /* SafariWebExtensionHandler.swift */; };
		B39FE484299258E80041874B /* _locales in Resources */ = {isa = PBXBuildFile; fileRef = B39FE43B299258E80041874B /* _locales */; };
		B39FE485299258E80041874B /* _locales in Resources */ = {isa = PBXBuildFile; fileRef = B39FE43B299258E80041874B /* _locales */; };
		B39FE488299258E80041874B /* manifest.json in Resources */ = {isa = PBXBuildFile; fileRef = B39FE43D299258E80041874B /* manifest.json */; };
		B39FE489299258E80041874B /* manifest.json in Resources */ = {isa = PBXBuildFile; fileRef = B39FE43D299258E80041874B /* manifest.json */; };
		B39FE48A299258E80041874B /* background.js in Resources */ = {isa = PBXBuildFile; fileRef = B39FE43E299258E80041874B /* background.js */; };
		B39FE48B299258E80041874B /* background.js in Resources */ = {isa = PBXBuildFile; fileRef = B39FE43E299258E80041874B /* background.js */; };
		B3CAA9AD29A77B5B00132DC9 /* img in Resources */ = {isa = PBXBuildFile; fileRef = B3CAA9AC29A77B5B00132DC9 /* img */; };
		B3CAA9AE29A77B5B00132DC9 /* img in Resources */ = {isa = PBXBuildFile; fileRef = B3CAA9AC29A77B5B00132DC9 /* img */; };
		B3CAA9B029A77B7500132DC9 /* web_accessible_resources in Resources */ = {isa = PBXBuildFile; fileRef = B3CAA9AF29A77B7500132DC9 /* web_accessible_resources */; };
		B3CAA9B129A77B7500132DC9 /* web_accessible_resources in Resources */ = {isa = PBXBuildFile; fileRef = B3CAA9AF29A77B7500132DC9 /* web_accessible_resources */; };
		B3CAA9B329A77B8F00132DC9 /* data in Resources */ = {isa = PBXBuildFile; fileRef = B3CAA9B229A77B8F00132DC9 /* data */; };
		B3CAA9B429A77B8F00132DC9 /* data in Resources */ = {isa = PBXBuildFile; fileRef = B3CAA9B229A77B8F00132DC9 /* data */; };
/* End PBXBuildFile section */

/* Begin PBXContainerItemProxy section */
		B39FE467299258E80041874B /* PBXContainerItemProxy */ = {
			isa = PBXContainerItemProxy;
			containerPortal = B39FE42B299258E70041874B /* Project object */;
			proxyType = 1;
			remoteGlobalIDString = B39FE464299258E80041874B;
			remoteInfo = "duckduckgo-safari-extension Extension (iOS)";
		};
		B39FE471299258E80041874B /* PBXContainerItemProxy */ = {
			isa = PBXContainerItemProxy;
			containerPortal = B39FE42B299258E70041874B /* Project object */;
			proxyType = 1;
			remoteGlobalIDString = B39FE46E299258E80041874B;
			remoteInfo = "duckduckgo-safari-extension Extension (macOS)";
		};
/* End PBXContainerItemProxy section */

/* Begin PBXCopyFilesBuildPhase section */
		B39FE499299258E80041874B /* Embed Foundation Extensions */ = {
			isa = PBXCopyFilesBuildPhase;
			buildActionMask = 2147483647;
			dstPath = "";
			dstSubfolderSpec = 13;
			files = (
				B39FE466299258E80041874B /* duckduckgo-safari-extension Extension.appex in Embed Foundation Extensions */,
			);
			name = "Embed Foundation Extensions";
			runOnlyForDeploymentPostprocessing = 0;
		};
		B39FE4A0299258E80041874B /* Embed Foundation Extensions */ = {
			isa = PBXCopyFilesBuildPhase;
			buildActionMask = 2147483647;
			dstPath = "";
			dstSubfolderSpec = 13;
			files = (
				B39FE470299258E80041874B /* duckduckgo-safari-extension Extension.appex in Embed Foundation Extensions */,
			);
			name = "Embed Foundation Extensions";
			runOnlyForDeploymentPostprocessing = 0;
		};
/* End PBXCopyFilesBuildPhase section */

/* Begin PBXFileReference section */
		B39FE432299258E70041874B /* Base */ = {isa = PBXFileReference; lastKnownFileType = text.html; name = Base; path = ../Base.lproj/Main.html; sourceTree = "<group>"; };
		B39FE433299258E70041874B /* Icon.png */ = {isa = PBXFileReference; lastKnownFileType = image.png; path = Icon.png; sourceTree = "<group>"; };
		B39FE434299258E70041874B /* Style.css */ = {isa = PBXFileReference; lastKnownFileType = text.css; path = Style.css; sourceTree = "<group>"; };
		B39FE435299258E70041874B /* Script.js */ = {isa = PBXFileReference; lastKnownFileType = sourcecode.javascript; path = Script.js; sourceTree = "<group>"; };
		B39FE436299258E70041874B /* ViewController.swift */ = {isa = PBXFileReference; lastKnownFileType = sourcecode.swift; path = ViewController.swift; sourceTree = "<group>"; };
		B39FE437299258E80041874B /* Assets.xcassets */ = {isa = PBXFileReference; lastKnownFileType = folder.assetcatalog; path = Assets.xcassets; sourceTree = "<group>"; };
		B39FE439299258E80041874B /* SafariWebExtensionHandler.swift */ = {isa = PBXFileReference; lastKnownFileType = sourcecode.swift; path = SafariWebExtensionHandler.swift; sourceTree = "<group>"; };
		B39FE43B299258E80041874B /* _locales */ = {isa = PBXFileReference; lastKnownFileType = folder; path = _locales; sourceTree = "<group>"; };
		B39FE43D299258E80041874B /* manifest.json */ = {isa = PBXFileReference; lastKnownFileType = text.json; path = manifest.json; sourceTree = "<group>"; };
		B39FE43E299258E80041874B /* background.js */ = {isa = PBXFileReference; lastKnownFileType = sourcecode.javascript; path = background.js; sourceTree = "<group>"; };
		B39FE447299258E80041874B /* duckduckgo-safari-extension.app */ = {isa = PBXFileReference; explicitFileType = wrapper.application; includeInIndex = 0; path = "duckduckgo-safari-extension.app"; sourceTree = BUILT_PRODUCTS_DIR; };
		B39FE44A299258E80041874B /* AppDelegate.swift */ = {isa = PBXFileReference; lastKnownFileType = sourcecode.swift; path = AppDelegate.swift; sourceTree = "<group>"; };
		B39FE44C299258E80041874B /* SceneDelegate.swift */ = {isa = PBXFileReference; lastKnownFileType = sourcecode.swift; path = SceneDelegate.swift; sourceTree = "<group>"; };
		B39FE44F299258E80041874B /* Base */ = {isa = PBXFileReference; lastKnownFileType = file.storyboard; name = Base; path = Base.lproj/LaunchScreen.storyboard; sourceTree = "<group>"; };
		B39FE452299258E80041874B /* Base */ = {isa = PBXFileReference; lastKnownFileType = file.storyboard; name = Base; path = Base.lproj/Main.storyboard; sourceTree = "<group>"; };
		B39FE454299258E80041874B /* Info.plist */ = {isa = PBXFileReference; lastKnownFileType = text.plist.xml; path = Info.plist; sourceTree = "<group>"; };
		B39FE459299258E80041874B /* duckduckgo-safari-extension.app */ = {isa = PBXFileReference; explicitFileType = wrapper.application; includeInIndex = 0; path = "duckduckgo-safari-extension.app"; sourceTree = BUILT_PRODUCTS_DIR; };
		B39FE45B299258E80041874B /* AppDelegate.swift */ = {isa = PBXFileReference; lastKnownFileType = sourcecode.swift; path = AppDelegate.swift; sourceTree = "<group>"; };
		B39FE45E299258E80041874B /* Base */ = {isa = PBXFileReference; lastKnownFileType = file.storyboard; name = Base; path = Base.lproj/Main.storyboard; sourceTree = "<group>"; };
		B39FE460299258E80041874B /* duckduckgo-safari-extension.entitlements */ = {isa = PBXFileReference; lastKnownFileType = text.plist.entitlements; path = "duckduckgo-safari-extension.entitlements"; sourceTree = "<group>"; };
		B39FE465299258E80041874B /* duckduckgo-safari-extension Extension.appex */ = {isa = PBXFileReference; explicitFileType = "wrapper.app-extension"; includeInIndex = 0; path = "duckduckgo-safari-extension Extension.appex"; sourceTree = BUILT_PRODUCTS_DIR; };
		B39FE46A299258E80041874B /* Info.plist */ = {isa = PBXFileReference; lastKnownFileType = text.plist.xml; path = Info.plist; sourceTree = "<group>"; };
		B39FE46F299258E80041874B /* duckduckgo-safari-extension Extension.appex */ = {isa = PBXFileReference; explicitFileType = "wrapper.app-extension"; includeInIndex = 0; path = "duckduckgo-safari-extension Extension.appex"; sourceTree = BUILT_PRODUCTS_DIR; };
		B39FE474299258E80041874B /* Info.plist */ = {isa = PBXFileReference; lastKnownFileType = text.plist.xml; path = Info.plist; sourceTree = "<group>"; };
		B39FE475299258E80041874B /* duckduckgo-safari-extension.entitlements */ = {isa = PBXFileReference; lastKnownFileType = text.plist.entitlements; path = "duckduckgo-safari-extension.entitlements"; sourceTree = "<group>"; };
		B3CAA9AC29A77B5B00132DC9 /* img */ = {isa = PBXFileReference; lastKnownFileType = folder; path = img; sourceTree = "<group>"; };
		B3CAA9AF29A77B7500132DC9 /* web_accessible_resources */ = {isa = PBXFileReference; lastKnownFileType = folder; path = web_accessible_resources; sourceTree = "<group>"; };
		B3CAA9B229A77B8F00132DC9 /* data */ = {isa = PBXFileReference; lastKnownFileType = folder; path = data; sourceTree = "<group>"; };
/* End PBXFileReference section */

/* Begin PBXFrameworksBuildPhase section */
		B39FE444299258E80041874B /* Frameworks */ = {
			isa = PBXFrameworksBuildPhase;
			buildActionMask = 2147483647;
			files = (
			);
			runOnlyForDeploymentPostprocessing = 0;
		};
		B39FE456299258E80041874B /* Frameworks */ = {
			isa = PBXFrameworksBuildPhase;
			buildActionMask = 2147483647;
			files = (
			);
			runOnlyForDeploymentPostprocessing = 0;
		};
		B39FE462299258E80041874B /* Frameworks */ = {
			isa = PBXFrameworksBuildPhase;
			buildActionMask = 2147483647;
			files = (
			);
			runOnlyForDeploymentPostprocessing = 0;
		};
		B39FE46C299258E80041874B /* Frameworks */ = {
			isa = PBXFrameworksBuildPhase;
			buildActionMask = 2147483647;
			files = (
			);
			runOnlyForDeploymentPostprocessing = 0;
		};
/* End PBXFrameworksBuildPhase section */

/* Begin PBXGroup section */
		B39FE42A299258E70041874B = {
			isa = PBXGroup;
			children = (
				B39FE42F299258E70041874B /* Shared (App) */,
				B39FE438299258E80041874B /* Shared (Extension) */,
				B39FE449299258E80041874B /* iOS (App) */,
				B39FE45A299258E80041874B /* macOS (App) */,
				B39FE469299258E80041874B /* iOS (Extension) */,
				B39FE473299258E80041874B /* macOS (Extension) */,
				B39FE448299258E80041874B /* Products */,
			);
			sourceTree = "<group>";
		};
		B39FE42F299258E70041874B /* Shared (App) */ = {
			isa = PBXGroup;
			children = (
				B39FE436299258E70041874B /* ViewController.swift */,
				B39FE437299258E80041874B /* Assets.xcassets */,
				B39FE430299258E70041874B /* Resources */,
			);
			path = "Shared (App)";
			sourceTree = "<group>";
		};
		B39FE430299258E70041874B /* Resources */ = {
			isa = PBXGroup;
			children = (
				B39FE431299258E70041874B /* Main.html */,
				B39FE433299258E70041874B /* Icon.png */,
				B39FE434299258E70041874B /* Style.css */,
				B39FE435299258E70041874B /* Script.js */,
			);
			path = Resources;
			sourceTree = "<group>";
		};
		B39FE438299258E80041874B /* Shared (Extension) */ = {
			isa = PBXGroup;
			children = (
				B39FE439299258E80041874B /* SafariWebExtensionHandler.swift */,
				B39FE43A299258E80041874B /* Resources */,
			);
			path = "Shared (Extension)";
			sourceTree = "<group>";
		};
		B39FE43A299258E80041874B /* Resources */ = {
			isa = PBXGroup;
			children = (
				B3CAA9B229A77B8F00132DC9 /* data */,
				B39FE43B299258E80041874B /* _locales */,
				B3CAA9AC29A77B5B00132DC9 /* img */,
				B3CAA9AF29A77B7500132DC9 /* web_accessible_resources */,
				B39FE43D299258E80041874B /* manifest.json */,
				B39FE43E299258E80041874B /* background.js */,
			);
			path = Resources;
			sourceTree = "<group>";
		};
		B39FE448299258E80041874B /* Products */ = {
			isa = PBXGroup;
			children = (
				B39FE447299258E80041874B /* duckduckgo-safari-extension.app */,
				B39FE459299258E80041874B /* duckduckgo-safari-extension.app */,
				B39FE465299258E80041874B /* duckduckgo-safari-extension Extension.appex */,
				B39FE46F299258E80041874B /* duckduckgo-safari-extension Extension.appex */,
			);
			name = Products;
			sourceTree = "<group>";
		};
		B39FE449299258E80041874B /* iOS (App) */ = {
			isa = PBXGroup;
			children = (
				B39FE44A299258E80041874B /* AppDelegate.swift */,
				B39FE44C299258E80041874B /* SceneDelegate.swift */,
				B39FE44E299258E80041874B /* LaunchScreen.storyboard */,
				B39FE451299258E80041874B /* Main.storyboard */,
				B39FE454299258E80041874B /* Info.plist */,
			);
			path = "iOS (App)";
			sourceTree = "<group>";
		};
		B39FE45A299258E80041874B /* macOS (App) */ = {
			isa = PBXGroup;
			children = (
				B39FE45B299258E80041874B /* AppDelegate.swift */,
				B39FE45D299258E80041874B /* Main.storyboard */,
				B39FE460299258E80041874B /* duckduckgo-safari-extension.entitlements */,
			);
			path = "macOS (App)";
			sourceTree = "<group>";
		};
		B39FE469299258E80041874B /* iOS (Extension) */ = {
			isa = PBXGroup;
			children = (
				B39FE46A299258E80041874B /* Info.plist */,
			);
			path = "iOS (Extension)";
			sourceTree = "<group>";
		};
		B39FE473299258E80041874B /* macOS (Extension) */ = {
			isa = PBXGroup;
			children = (
				B39FE474299258E80041874B /* Info.plist */,
				B39FE475299258E80041874B /* duckduckgo-safari-extension.entitlements */,
			);
			path = "macOS (Extension)";
			sourceTree = "<group>";
		};
/* End PBXGroup section */

/* Begin PBXNativeTarget section */
		B39FE446299258E80041874B /* duckduckgo-safari-extension (iOS) */ = {
			isa = PBXNativeTarget;
			buildConfigurationList = B39FE49A299258E80041874B /* Build configuration list for PBXNativeTarget "duckduckgo-safari-extension (iOS)" */;
			buildPhases = (
				B39FE443299258E80041874B /* Sources */,
				B39FE444299258E80041874B /* Frameworks */,
				B39FE445299258E80041874B /* Resources */,
				B39FE499299258E80041874B /* Embed Foundation Extensions */,
			);
			buildRules = (
			);
			dependencies = (
				B39FE468299258E80041874B /* PBXTargetDependency */,
			);
			name = "duckduckgo-safari-extension (iOS)";
			productName = "duckduckgo-safari-extension (iOS)";
			productReference = B39FE447299258E80041874B /* duckduckgo-safari-extension.app */;
			productType = "com.apple.product-type.application";
		};
		B39FE458299258E80041874B /* duckduckgo-safari-extension (macOS) */ = {
			isa = PBXNativeTarget;
			buildConfigurationList = B39FE4A1299258E80041874B /* Build configuration list for PBXNativeTarget "duckduckgo-safari-extension (macOS)" */;
			buildPhases = (
				B39FE455299258E80041874B /* Sources */,
				B39FE456299258E80041874B /* Frameworks */,
				B39FE457299258E80041874B /* Resources */,
				B39FE4A0299258E80041874B /* Embed Foundation Extensions */,
			);
			buildRules = (
			);
			dependencies = (
				B39FE472299258E80041874B /* PBXTargetDependency */,
			);
			name = "duckduckgo-safari-extension (macOS)";
			productName = "duckduckgo-safari-extension (macOS)";
			productReference = B39FE459299258E80041874B /* duckduckgo-safari-extension.app */;
			productType = "com.apple.product-type.application";
		};
		B39FE464299258E80041874B /* duckduckgo-safari-extension Extension (iOS) */ = {
			isa = PBXNativeTarget;
			buildConfigurationList = B39FE496299258E80041874B /* Build configuration list for PBXNativeTarget "duckduckgo-safari-extension Extension (iOS)" */;
			buildPhases = (
				B39FE461299258E80041874B /* Sources */,
				B39FE462299258E80041874B /* Frameworks */,
				B39FE463299258E80041874B /* Resources */,
			);
			buildRules = (
			);
			dependencies = (
			);
			name = "duckduckgo-safari-extension Extension (iOS)";
			productName = "duckduckgo-safari-extension Extension (iOS)";
			productReference = B39FE465299258E80041874B /* duckduckgo-safari-extension Extension.appex */;
			productType = "com.apple.product-type.app-extension";
		};
		B39FE46E299258E80041874B /* duckduckgo-safari-extension Extension (macOS) */ = {
			isa = PBXNativeTarget;
			buildConfigurationList = B39FE49D299258E80041874B /* Build configuration list for PBXNativeTarget "duckduckgo-safari-extension Extension (macOS)" */;
			buildPhases = (
				B39FE46B299258E80041874B /* Sources */,
				B39FE46C299258E80041874B /* Frameworks */,
				B39FE46D299258E80041874B /* Resources */,
			);
			buildRules = (
			);
			dependencies = (
			);
			name = "duckduckgo-safari-extension Extension (macOS)";
			productName = "duckduckgo-safari-extension Extension (macOS)";
			productReference = B39FE46F299258E80041874B /* duckduckgo-safari-extension Extension.appex */;
			productType = "com.apple.product-type.app-extension";
		};
/* End PBXNativeTarget section */

/* Begin PBXProject section */
		B39FE42B299258E70041874B /* Project object */ = {
			isa = PBXProject;
			attributes = {
				BuildIndependentTargetsInParallel = 1;
				LastSwiftUpdateCheck = 1420;
				LastUpgradeCheck = 1420;
				TargetAttributes = {
					B39FE446299258E80041874B = {
						CreatedOnToolsVersion = 14.2;
					};
					B39FE458299258E80041874B = {
						CreatedOnToolsVersion = 14.2;
					};
					B39FE464299258E80041874B = {
						CreatedOnToolsVersion = 14.2;
					};
					B39FE46E299258E80041874B = {
						CreatedOnToolsVersion = 14.2;
					};
				};
			};
			buildConfigurationList = B39FE42E299258E70041874B /* Build configuration list for PBXProject "duckduckgo-safari-extension" */;
			compatibilityVersion = "Xcode 14.0";
			developmentRegion = en;
			hasScannedForEncodings = 0;
			knownRegions = (
				en,
				Base,
			);
			mainGroup = B39FE42A299258E70041874B;
			productRefGroup = B39FE448299258E80041874B /* Products */;
			projectDirPath = "";
			projectRoot = "";
			targets = (
				B39FE446299258E80041874B /* duckduckgo-safari-extension (iOS) */,
				B39FE458299258E80041874B /* duckduckgo-safari-extension (macOS) */,
				B39FE464299258E80041874B /* duckduckgo-safari-extension Extension (iOS) */,
				B39FE46E299258E80041874B /* duckduckgo-safari-extension Extension (macOS) */,
			);
		};
/* End PBXProject section */

/* Begin PBXResourcesBuildPhase section */
		B39FE445299258E80041874B /* Resources */ = {
			isa = PBXResourcesBuildPhase;
			buildActionMask = 2147483647;
			files = (
				B39FE478299258E80041874B /* Icon.png in Resources */,
				B39FE450299258E80041874B /* LaunchScreen.storyboard in Resources */,
				B39FE476299258E80041874B /* Main.html in Resources */,
				B39FE47C299258E80041874B /* Script.js in Resources */,
				B39FE480299258E80041874B /* Assets.xcassets in Resources */,
				B39FE453299258E80041874B /* Main.storyboard in Resources */,
				B39FE47A299258E80041874B /* Style.css in Resources */,
			);
			runOnlyForDeploymentPostprocessing = 0;
		};
		B39FE457299258E80041874B /* Resources */ = {
			isa = PBXResourcesBuildPhase;
			buildActionMask = 2147483647;
			files = (
				B39FE479299258E80041874B /* Icon.png in Resources */,
				B39FE47B299258E80041874B /* Style.css in Resources */,
				B39FE45F299258E80041874B /* Main.storyboard in Resources */,
				B39FE47D299258E80041874B /* Script.js in Resources */,
				B39FE481299258E80041874B /* Assets.xcassets in Resources */,
				B39FE477299258E80041874B /* Main.html in Resources */,
			);
			runOnlyForDeploymentPostprocessing = 0;
		};
		B39FE463299258E80041874B /* Resources */ = {
			isa = PBXResourcesBuildPhase;
			buildActionMask = 2147483647;
			files = (
				B3CAA9B029A77B7500132DC9 /* web_accessible_resources in Resources */,
				B3CAA9AD29A77B5B00132DC9 /* img in Resources */,
				B39FE48A299258E80041874B /* background.js in Resources */,
				B39FE488299258E80041874B /* manifest.json in Resources */,
				B3CAA9B329A77B8F00132DC9 /* data in Resources */,
				B39FE484299258E80041874B /* _locales in Resources */,
			);
			runOnlyForDeploymentPostprocessing = 0;
		};
		B39FE46D299258E80041874B /* Resources */ = {
			isa = PBXResourcesBuildPhase;
			buildActionMask = 2147483647;
			files = (
				B3CAA9B129A77B7500132DC9 /* web_accessible_resources in Resources */,
				B3CAA9AE29A77B5B00132DC9 /* img in Resources */,
				B39FE48B299258E80041874B /* background.js in Resources */,
				B39FE489299258E80041874B /* manifest.json in Resources */,
				B3CAA9B429A77B8F00132DC9 /* data in Resources */,
				B39FE485299258E80041874B /* _locales in Resources */,
			);
			runOnlyForDeploymentPostprocessing = 0;
		};
/* End PBXResourcesBuildPhase section */

/* Begin PBXSourcesBuildPhase section */
		B39FE443299258E80041874B /* Sources */ = {
			isa = PBXSourcesBuildPhase;
			buildActionMask = 2147483647;
			files = (
				B39FE47E299258E80041874B /* ViewController.swift in Sources */,
				B39FE44B299258E80041874B /* AppDelegate.swift in Sources */,
				B39FE44D299258E80041874B /* SceneDelegate.swift in Sources */,
			);
			runOnlyForDeploymentPostprocessing = 0;
		};
		B39FE455299258E80041874B /* Sources */ = {
			isa = PBXSourcesBuildPhase;
			buildActionMask = 2147483647;
			files = (
				B39FE47F299258E80041874B /* ViewController.swift in Sources */,
				B39FE45C299258E80041874B /* AppDelegate.swift in Sources */,
			);
			runOnlyForDeploymentPostprocessing = 0;
		};
		B39FE461299258E80041874B /* Sources */ = {
			isa = PBXSourcesBuildPhase;
			buildActionMask = 2147483647;
			files = (
				B39FE482299258E80041874B /* SafariWebExtensionHandler.swift in Sources */,
			);
			runOnlyForDeploymentPostprocessing = 0;
		};
		B39FE46B299258E80041874B /* Sources */ = {
			isa = PBXSourcesBuildPhase;
			buildActionMask = 2147483647;
			files = (
				B39FE483299258E80041874B /* SafariWebExtensionHandler.swift in Sources */,
			);
			runOnlyForDeploymentPostprocessing = 0;
		};
/* End PBXSourcesBuildPhase section */

/* Begin PBXTargetDependency section */
		B39FE468299258E80041874B /* PBXTargetDependency */ = {
			isa = PBXTargetDependency;
			target = B39FE464299258E80041874B /* duckduckgo-safari-extension Extension (iOS) */;
			targetProxy = B39FE467299258E80041874B /* PBXContainerItemProxy */;
		};
		B39FE472299258E80041874B /* PBXTargetDependency */ = {
			isa = PBXTargetDependency;
			target = B39FE46E299258E80041874B /* duckduckgo-safari-extension Extension (macOS) */;
			targetProxy = B39FE471299258E80041874B /* PBXContainerItemProxy */;
		};
/* End PBXTargetDependency section */

/* Begin PBXVariantGroup section */
		B39FE431299258E70041874B /* Main.html */ = {
			isa = PBXVariantGroup;
			children = (
				B39FE432299258E70041874B /* Base */,
			);
			name = Main.html;
			sourceTree = "<group>";
		};
		B39FE44E299258E80041874B /* LaunchScreen.storyboard */ = {
			isa = PBXVariantGroup;
			children = (
				B39FE44F299258E80041874B /* Base */,
			);
			name = LaunchScreen.storyboard;
			sourceTree = "<group>";
		};
		B39FE451299258E80041874B /* Main.storyboard */ = {
			isa = PBXVariantGroup;
			children = (
				B39FE452299258E80041874B /* Base */,
			);
			name = Main.storyboard;
			sourceTree = "<group>";
		};
		B39FE45D299258E80041874B /* Main.storyboard */ = {
			isa = PBXVariantGroup;
			children = (
				B39FE45E299258E80041874B /* Base */,
			);
			name = Main.storyboard;
			sourceTree = "<group>";
		};
/* End PBXVariantGroup section */

/* Begin XCBuildConfiguration section */
		B39FE494299258E80041874B /* Debug */ = {
			isa = XCBuildConfiguration;
			buildSettings = {
				ALWAYS_SEARCH_USER_PATHS = NO;
				CLANG_ANALYZER_NONNULL = YES;
				CLANG_ANALYZER_NUMBER_OBJECT_CONVERSION = YES_AGGRESSIVE;
				CLANG_CXX_LANGUAGE_STANDARD = "gnu++20";
				CLANG_ENABLE_MODULES = YES;
				CLANG_ENABLE_OBJC_ARC = YES;
				CLANG_ENABLE_OBJC_WEAK = YES;
				CLANG_WARN_BLOCK_CAPTURE_AUTORELEASING = YES;
				CLANG_WARN_BOOL_CONVERSION = YES;
				CLANG_WARN_COMMA = YES;
				CLANG_WARN_CONSTANT_CONVERSION = YES;
				CLANG_WARN_DEPRECATED_OBJC_IMPLEMENTATIONS = YES;
				CLANG_WARN_DIRECT_OBJC_ISA_USAGE = YES_ERROR;
				CLANG_WARN_DOCUMENTATION_COMMENTS = YES;
				CLANG_WARN_EMPTY_BODY = YES;
				CLANG_WARN_ENUM_CONVERSION = YES;
				CLANG_WARN_INFINITE_RECURSION = YES;
				CLANG_WARN_INT_CONVERSION = YES;
				CLANG_WARN_NON_LITERAL_NULL_CONVERSION = YES;
				CLANG_WARN_OBJC_IMPLICIT_RETAIN_SELF = YES;
				CLANG_WARN_OBJC_LITERAL_CONVERSION = YES;
				CLANG_WARN_OBJC_ROOT_CLASS = YES_ERROR;
				CLANG_WARN_QUOTED_INCLUDE_IN_FRAMEWORK_HEADER = YES;
				CLANG_WARN_RANGE_LOOP_ANALYSIS = YES;
				CLANG_WARN_STRICT_PROTOTYPES = YES;
				CLANG_WARN_SUSPICIOUS_MOVE = YES;
				CLANG_WARN_UNGUARDED_AVAILABILITY = YES_AGGRESSIVE;
				CLANG_WARN_UNREACHABLE_CODE = YES;
				CLANG_WARN__DUPLICATE_METHOD_MATCH = YES;
				COPY_PHASE_STRIP = NO;
				DEBUG_INFORMATION_FORMAT = dwarf;
				ENABLE_STRICT_OBJC_MSGSEND = YES;
				ENABLE_TESTABILITY = YES;
				GCC_C_LANGUAGE_STANDARD = gnu11;
				GCC_DYNAMIC_NO_PIC = NO;
				GCC_NO_COMMON_BLOCKS = YES;
				GCC_OPTIMIZATION_LEVEL = 0;
				GCC_PREPROCESSOR_DEFINITIONS = (
					"DEBUG=1",
					"$(inherited)",
				);
				GCC_WARN_64_TO_32_BIT_CONVERSION = YES;
				GCC_WARN_ABOUT_RETURN_TYPE = YES_ERROR;
				GCC_WARN_UNDECLARED_SELECTOR = YES;
				GCC_WARN_UNINITIALIZED_AUTOS = YES_AGGRESSIVE;
				GCC_WARN_UNUSED_FUNCTION = YES;
				GCC_WARN_UNUSED_VARIABLE = YES;
				MTL_ENABLE_DEBUG_INFO = INCLUDE_SOURCE;
				MTL_FAST_MATH = YES;
				ONLY_ACTIVE_ARCH = YES;
				SWIFT_ACTIVE_COMPILATION_CONDITIONS = DEBUG;
				SWIFT_OPTIMIZATION_LEVEL = "-Onone";
			};
			name = Debug;
		};
		B39FE495299258E80041874B /* Release */ = {
			isa = XCBuildConfiguration;
			buildSettings = {
				ALWAYS_SEARCH_USER_PATHS = NO;
				CLANG_ANALYZER_NONNULL = YES;
				CLANG_ANALYZER_NUMBER_OBJECT_CONVERSION = YES_AGGRESSIVE;
				CLANG_CXX_LANGUAGE_STANDARD = "gnu++20";
				CLANG_ENABLE_MODULES = YES;
				CLANG_ENABLE_OBJC_ARC = YES;
				CLANG_ENABLE_OBJC_WEAK = YES;
				CLANG_WARN_BLOCK_CAPTURE_AUTORELEASING = YES;
				CLANG_WARN_BOOL_CONVERSION = YES;
				CLANG_WARN_COMMA = YES;
				CLANG_WARN_CONSTANT_CONVERSION = YES;
				CLANG_WARN_DEPRECATED_OBJC_IMPLEMENTATIONS = YES;
				CLANG_WARN_DIRECT_OBJC_ISA_USAGE = YES_ERROR;
				CLANG_WARN_DOCUMENTATION_COMMENTS = YES;
				CLANG_WARN_EMPTY_BODY = YES;
				CLANG_WARN_ENUM_CONVERSION = YES;
				CLANG_WARN_INFINITE_RECURSION = YES;
				CLANG_WARN_INT_CONVERSION = YES;
				CLANG_WARN_NON_LITERAL_NULL_CONVERSION = YES;
				CLANG_WARN_OBJC_IMPLICIT_RETAIN_SELF = YES;
				CLANG_WARN_OBJC_LITERAL_CONVERSION = YES;
				CLANG_WARN_OBJC_ROOT_CLASS = YES_ERROR;
				CLANG_WARN_QUOTED_INCLUDE_IN_FRAMEWORK_HEADER = YES;
				CLANG_WARN_RANGE_LOOP_ANALYSIS = YES;
				CLANG_WARN_STRICT_PROTOTYPES = YES;
				CLANG_WARN_SUSPICIOUS_MOVE = YES;
				CLANG_WARN_UNGUARDED_AVAILABILITY = YES_AGGRESSIVE;
				CLANG_WARN_UNREACHABLE_CODE = YES;
				CLANG_WARN__DUPLICATE_METHOD_MATCH = YES;
				COPY_PHASE_STRIP = NO;
				DEBUG_INFORMATION_FORMAT = "dwarf-with-dsym";
				ENABLE_NS_ASSERTIONS = NO;
				ENABLE_STRICT_OBJC_MSGSEND = YES;
				GCC_C_LANGUAGE_STANDARD = gnu11;
				GCC_NO_COMMON_BLOCKS = YES;
				GCC_WARN_64_TO_32_BIT_CONVERSION = YES;
				GCC_WARN_ABOUT_RETURN_TYPE = YES_ERROR;
				GCC_WARN_UNDECLARED_SELECTOR = YES;
				GCC_WARN_UNINITIALIZED_AUTOS = YES_AGGRESSIVE;
				GCC_WARN_UNUSED_FUNCTION = YES;
				GCC_WARN_UNUSED_VARIABLE = YES;
				MTL_ENABLE_DEBUG_INFO = NO;
				MTL_FAST_MATH = YES;
				SWIFT_COMPILATION_MODE = wholemodule;
				SWIFT_OPTIMIZATION_LEVEL = "-O";
			};
			name = Release;
		};
		B39FE497299258E80041874B /* Debug */ = {
			isa = XCBuildConfiguration;
			buildSettings = {
				CODE_SIGN_STYLE = Automatic;
				CURRENT_PROJECT_VERSION = 1;
				DEVELOPMENT_TEAM = HKE973VLUW;
				GENERATE_INFOPLIST_FILE = YES;
				INFOPLIST_FILE = "iOS (Extension)/Info.plist";
				INFOPLIST_KEY_CFBundleDisplayName = "duckduckgo-safari-extension Extension";
				INFOPLIST_KEY_NSHumanReadableCopyright = "";
				IPHONEOS_DEPLOYMENT_TARGET = 15.0;
				LD_RUNPATH_SEARCH_PATHS = (
					"$(inherited)",
					"@executable_path/Frameworks",
					"@executable_path/../../Frameworks",
				);
				MARKETING_VERSION = 1.0;
				OTHER_LDFLAGS = (
					"-framework",
					SafariServices,
				);
				PRODUCT_BUNDLE_IDENTIFIER = "com.duckduckgo.duckduckgo-safari-extension.Extension";
				PRODUCT_NAME = "duckduckgo-safari-extension Extension";
				SDKROOT = iphoneos;
				SKIP_INSTALL = YES;
				SWIFT_EMIT_LOC_STRINGS = YES;
				SWIFT_VERSION = 5.0;
				TARGETED_DEVICE_FAMILY = "1,2";
			};
			name = Debug;
		};
		B39FE498299258E80041874B /* Release */ = {
			isa = XCBuildConfiguration;
			buildSettings = {
				CODE_SIGN_STYLE = Automatic;
				CURRENT_PROJECT_VERSION = 1;
				DEVELOPMENT_TEAM = HKE973VLUW;
				GENERATE_INFOPLIST_FILE = YES;
				INFOPLIST_FILE = "iOS (Extension)/Info.plist";
				INFOPLIST_KEY_CFBundleDisplayName = "duckduckgo-safari-extension Extension";
				INFOPLIST_KEY_NSHumanReadableCopyright = "";
				IPHONEOS_DEPLOYMENT_TARGET = 15.0;
				LD_RUNPATH_SEARCH_PATHS = (
					"$(inherited)",
					"@executable_path/Frameworks",
					"@executable_path/../../Frameworks",
				);
				MARKETING_VERSION = 1.0;
				OTHER_LDFLAGS = (
					"-framework",
					SafariServices,
				);
				PRODUCT_BUNDLE_IDENTIFIER = "com.duckduckgo.duckduckgo-safari-extension.Extension";
				PRODUCT_NAME = "duckduckgo-safari-extension Extension";
				SDKROOT = iphoneos;
				SKIP_INSTALL = YES;
				SWIFT_EMIT_LOC_STRINGS = YES;
				SWIFT_VERSION = 5.0;
				TARGETED_DEVICE_FAMILY = "1,2";
				VALIDATE_PRODUCT = YES;
			};
			name = Release;
		};
		B39FE49B299258E80041874B /* Debug */ = {
			isa = XCBuildConfiguration;
			buildSettings = {
				ALWAYS_EMBED_SWIFT_STANDARD_LIBRARIES = YES;
				ASSETCATALOG_COMPILER_APPICON_NAME = AppIcon;
				ASSETCATALOG_COMPILER_GLOBAL_ACCENT_COLOR_NAME = AccentColor;
				CODE_SIGN_STYLE = Automatic;
				CURRENT_PROJECT_VERSION = 1;
				DEVELOPMENT_TEAM = HKE973VLUW;
				GENERATE_INFOPLIST_FILE = YES;
				INFOPLIST_FILE = "iOS (App)/Info.plist";
				INFOPLIST_KEY_CFBundleDisplayName = "duckduckgo-safari-extension";
				INFOPLIST_KEY_UIApplicationSupportsIndirectInputEvents = YES;
				INFOPLIST_KEY_UILaunchStoryboardName = LaunchScreen;
				INFOPLIST_KEY_UIMainStoryboardFile = Main;
				INFOPLIST_KEY_UISupportedInterfaceOrientations = "UIInterfaceOrientationPortrait UIInterfaceOrientationLandscapeLeft UIInterfaceOrientationLandscapeRight";
				INFOPLIST_KEY_UISupportedInterfaceOrientations_iPad = "UIInterfaceOrientationPortrait UIInterfaceOrientationPortraitUpsideDown UIInterfaceOrientationLandscapeLeft UIInterfaceOrientationLandscapeRight";
				IPHONEOS_DEPLOYMENT_TARGET = 15.0;
				LD_RUNPATH_SEARCH_PATHS = (
					"$(inherited)",
					"@executable_path/Frameworks",
				);
				MARKETING_VERSION = 1.0;
				OTHER_LDFLAGS = (
					"-framework",
					SafariServices,
					"-framework",
					WebKit,
				);
				PRODUCT_BUNDLE_IDENTIFIER = "com.duckduckgo.duckduckgo-safari-extension";
				PRODUCT_NAME = "duckduckgo-safari-extension";
				SDKROOT = iphoneos;
				SWIFT_EMIT_LOC_STRINGS = YES;
				SWIFT_VERSION = 5.0;
				TARGETED_DEVICE_FAMILY = "1,2";
			};
			name = Debug;
		};
		B39FE49C299258E80041874B /* Release */ = {
			isa = XCBuildConfiguration;
			buildSettings = {
				ALWAYS_EMBED_SWIFT_STANDARD_LIBRARIES = YES;
				ASSETCATALOG_COMPILER_APPICON_NAME = AppIcon;
				ASSETCATALOG_COMPILER_GLOBAL_ACCENT_COLOR_NAME = AccentColor;
				CODE_SIGN_STYLE = Automatic;
				CURRENT_PROJECT_VERSION = 1;
				DEVELOPMENT_TEAM = HKE973VLUW;
				GENERATE_INFOPLIST_FILE = YES;
				INFOPLIST_FILE = "iOS (App)/Info.plist";
				INFOPLIST_KEY_CFBundleDisplayName = "duckduckgo-safari-extension";
				INFOPLIST_KEY_UIApplicationSupportsIndirectInputEvents = YES;
				INFOPLIST_KEY_UILaunchStoryboardName = LaunchScreen;
				INFOPLIST_KEY_UIMainStoryboardFile = Main;
				INFOPLIST_KEY_UISupportedInterfaceOrientations = "UIInterfaceOrientationPortrait UIInterfaceOrientationLandscapeLeft UIInterfaceOrientationLandscapeRight";
				INFOPLIST_KEY_UISupportedInterfaceOrientations_iPad = "UIInterfaceOrientationPortrait UIInterfaceOrientationPortraitUpsideDown UIInterfaceOrientationLandscapeLeft UIInterfaceOrientationLandscapeRight";
				IPHONEOS_DEPLOYMENT_TARGET = 15.0;
				LD_RUNPATH_SEARCH_PATHS = (
					"$(inherited)",
					"@executable_path/Frameworks",
				);
				MARKETING_VERSION = 1.0;
				OTHER_LDFLAGS = (
					"-framework",
					SafariServices,
					"-framework",
					WebKit,
				);
				PRODUCT_BUNDLE_IDENTIFIER = "com.duckduckgo.duckduckgo-safari-extension";
				PRODUCT_NAME = "duckduckgo-safari-extension";
				SDKROOT = iphoneos;
				SWIFT_EMIT_LOC_STRINGS = YES;
				SWIFT_VERSION = 5.0;
				TARGETED_DEVICE_FAMILY = "1,2";
				VALIDATE_PRODUCT = YES;
			};
			name = Release;
		};
		B39FE49E299258E80041874B /* Debug */ = {
			isa = XCBuildConfiguration;
			buildSettings = {
				CODE_SIGN_ENTITLEMENTS = "macOS (Extension)/duckduckgo-safari-extension.entitlements";
				CODE_SIGN_STYLE = Automatic;
				CURRENT_PROJECT_VERSION = 1;
				DEVELOPMENT_TEAM = HKE973VLUW;
				ENABLE_HARDENED_RUNTIME = YES;
				GENERATE_INFOPLIST_FILE = YES;
				INFOPLIST_FILE = "macOS (Extension)/Info.plist";
				INFOPLIST_KEY_CFBundleDisplayName = "duckduckgo-safari-extension Extension";
				INFOPLIST_KEY_NSHumanReadableCopyright = "";
				LD_RUNPATH_SEARCH_PATHS = (
					"$(inherited)",
					"@executable_path/../Frameworks",
					"@executable_path/../../../../Frameworks",
				);
				MACOSX_DEPLOYMENT_TARGET = 10.14;
				MARKETING_VERSION = 1.0;
				OTHER_LDFLAGS = (
					"-framework",
					SafariServices,
				);
				PRODUCT_BUNDLE_IDENTIFIER = "com.duckduckgo.duckduckgo-safari-extension.Extension";
				PRODUCT_NAME = "duckduckgo-safari-extension Extension";
				SDKROOT = macosx;
				SKIP_INSTALL = YES;
				SWIFT_EMIT_LOC_STRINGS = YES;
				SWIFT_VERSION = 5.0;
			};
			name = Debug;
		};
		B39FE49F299258E80041874B /* Release */ = {
			isa = XCBuildConfiguration;
			buildSettings = {
				CODE_SIGN_ENTITLEMENTS = "macOS (Extension)/duckduckgo-safari-extension.entitlements";
				CODE_SIGN_STYLE = Automatic;
				CURRENT_PROJECT_VERSION = 1;
				DEVELOPMENT_TEAM = HKE973VLUW;
				ENABLE_HARDENED_RUNTIME = YES;
				GENERATE_INFOPLIST_FILE = YES;
				INFOPLIST_FILE = "macOS (Extension)/Info.plist";
				INFOPLIST_KEY_CFBundleDisplayName = "duckduckgo-safari-extension Extension";
				INFOPLIST_KEY_NSHumanReadableCopyright = "";
				LD_RUNPATH_SEARCH_PATHS = (
					"$(inherited)",
					"@executable_path/../Frameworks",
					"@executable_path/../../../../Frameworks",
				);
				MACOSX_DEPLOYMENT_TARGET = 10.14;
				MARKETING_VERSION = 1.0;
				OTHER_LDFLAGS = (
					"-framework",
					SafariServices,
				);
				PRODUCT_BUNDLE_IDENTIFIER = "com.duckduckgo.duckduckgo-safari-extension.Extension";
				PRODUCT_NAME = "duckduckgo-safari-extension Extension";
				SDKROOT = macosx;
				SKIP_INSTALL = YES;
				SWIFT_EMIT_LOC_STRINGS = YES;
				SWIFT_VERSION = 5.0;
			};
			name = Release;
		};
		B39FE4A2299258E80041874B /* Debug */ = {
			isa = XCBuildConfiguration;
			buildSettings = {
				ALWAYS_EMBED_SWIFT_STANDARD_LIBRARIES = YES;
				ASSETCATALOG_COMPILER_APPICON_NAME = AppIcon;
				ASSETCATALOG_COMPILER_GLOBAL_ACCENT_COLOR_NAME = AccentColor;
				CODE_SIGN_ENTITLEMENTS = "macOS (App)/duckduckgo-safari-extension.entitlements";
				CODE_SIGN_STYLE = Automatic;
				CURRENT_PROJECT_VERSION = 1;
				DEVELOPMENT_TEAM = HKE973VLUW;
				ENABLE_HARDENED_RUNTIME = YES;
				GENERATE_INFOPLIST_FILE = YES;
				INFOPLIST_KEY_CFBundleDisplayName = "duckduckgo-safari-extension";
				INFOPLIST_KEY_NSMainStoryboardFile = Main;
				INFOPLIST_KEY_NSPrincipalClass = NSApplication;
				LD_RUNPATH_SEARCH_PATHS = (
					"$(inherited)",
					"@executable_path/../Frameworks",
				);
				MACOSX_DEPLOYMENT_TARGET = 10.14;
				MARKETING_VERSION = 1.0;
				OTHER_LDFLAGS = (
					"-framework",
					SafariServices,
					"-framework",
					WebKit,
				);
				PRODUCT_BUNDLE_IDENTIFIER = "com.duckduckgo.duckduckgo-safari-extension";
				PRODUCT_NAME = "duckduckgo-safari-extension";
				SDKROOT = macosx;
				SWIFT_EMIT_LOC_STRINGS = YES;
				SWIFT_VERSION = 5.0;
			};
			name = Debug;
		};
		B39FE4A3299258E80041874B /* Release */ = {
			isa = XCBuildConfiguration;
			buildSettings = {
				ALWAYS_EMBED_SWIFT_STANDARD_LIBRARIES = YES;
				ASSETCATALOG_COMPILER_APPICON_NAME = AppIcon;
				ASSETCATALOG_COMPILER_GLOBAL_ACCENT_COLOR_NAME = AccentColor;
				CODE_SIGN_ENTITLEMENTS = "macOS (App)/duckduckgo-safari-extension.entitlements";
				CODE_SIGN_STYLE = Automatic;
				CURRENT_PROJECT_VERSION = 1;
				DEVELOPMENT_TEAM = HKE973VLUW;
				ENABLE_HARDENED_RUNTIME = YES;
				GENERATE_INFOPLIST_FILE = YES;
				INFOPLIST_KEY_CFBundleDisplayName = "duckduckgo-safari-extension";
				INFOPLIST_KEY_NSMainStoryboardFile = Main;
				INFOPLIST_KEY_NSPrincipalClass = NSApplication;
				LD_RUNPATH_SEARCH_PATHS = (
					"$(inherited)",
					"@executable_path/../Frameworks",
				);
				MACOSX_DEPLOYMENT_TARGET = 10.14;
				MARKETING_VERSION = 1.0;
				OTHER_LDFLAGS = (
					"-framework",
					SafariServices,
					"-framework",
					WebKit,
				);
				PRODUCT_BUNDLE_IDENTIFIER = "com.duckduckgo.duckduckgo-safari-extension";
				PRODUCT_NAME = "duckduckgo-safari-extension";
				SDKROOT = macosx;
				SWIFT_EMIT_LOC_STRINGS = YES;
				SWIFT_VERSION = 5.0;
			};
			name = Release;
		};
/* End XCBuildConfiguration section */

/* Begin XCConfigurationList section */
		B39FE42E299258E70041874B /* Build configuration list for PBXProject "duckduckgo-safari-extension" */ = {
			isa = XCConfigurationList;
			buildConfigurations = (
				B39FE494299258E80041874B /* Debug */,
				B39FE495299258E80041874B /* Release */,
			);
			defaultConfigurationIsVisible = 0;
			defaultConfigurationName = Release;
		};
		B39FE496299258E80041874B /* Build configuration list for PBXNativeTarget "duckduckgo-safari-extension Extension (iOS)" */ = {
			isa = XCConfigurationList;
			buildConfigurations = (
				B39FE497299258E80041874B /* Debug */,
				B39FE498299258E80041874B /* Release */,
			);
			defaultConfigurationIsVisible = 0;
			defaultConfigurationName = Release;
		};
		B39FE49A299258E80041874B /* Build configuration list for PBXNativeTarget "duckduckgo-safari-extension (iOS)" */ = {
			isa = XCConfigurationList;
			buildConfigurations = (
				B39FE49B299258E80041874B /* Debug */,
				B39FE49C299258E80041874B /* Release */,
			);
			defaultConfigurationIsVisible = 0;
			defaultConfigurationName = Release;
		};
		B39FE49D299258E80041874B /* Build configuration list for PBXNativeTarget "duckduckgo-safari-extension Extension (macOS)" */ = {
			isa = XCConfigurationList;
			buildConfigurations = (
				B39FE49E299258E80041874B /* Debug */,
				B39FE49F299258E80041874B /* Release */,
			);
			defaultConfigurationIsVisible = 0;
			defaultConfigurationName = Release;
		};
		B39FE4A1299258E80041874B /* Build configuration list for PBXNativeTarget "duckduckgo-safari-extension (macOS)" */ = {
			isa = XCConfigurationList;
			buildConfigurations = (
				B39FE4A2299258E80041874B /* Debug */,
				B39FE4A3299258E80041874B /* Release */,
			);
			defaultConfigurationIsVisible = 0;
			defaultConfigurationName = Release;
		};
/* End XCConfigurationList section */
	};
	rootObject = B39FE42B299258E70041874B /* Project object */;
}
